
Microsoft Visual Studio Solution File, Format Version 12.00
# Visual Studio Version 16
VisualStudioVersion = 16.0.30611.23
MinimumVisualStudioVersion = 10.0.40219.1
Project("{8BC9CEB8-8B4A-11D0-8D11-00A0C91BC942}") = "seafile-client", "seafile-client.vcxproj", "{DB8A875C-9A9D-4A4F-B6BD-40E576A726FF}"
EndProject
Global
	GlobalSection(SolutionConfigurationPlatforms) = preSolution
		Debug|x64 = Debug|x64
		Debug|x86 = Debug|x86
		Release|x64 = Release|x64
		Release|x86 = Release|x86
	EndGlobalSection
	GlobalSection(ProjectConfigurationPlatforms) = postSolution
		{DB8A875C-9A9D-4A4F-B6BD-40E576A726FF}.Debug|x64.ActiveCfg = Debug|x64
		{DB8A875C-9A9D-4A4F-B6BD-40E576A726FF}.Debug|x64.Build.0 = Debug|x64
		{DB8A875C-9A9D-4A4F-B6BD-40E576A726FF}.Debug|x86.ActiveCfg = Debug|x64
		{DB8A875C-9A9D-4A4F-B6BD-40E576A726FF}.Release|x64.ActiveCfg = Release|x64
		{DB8A875C-9A9D-4A4F-B6BD-40E576A726FF}.Release|x64.Build.0 = Release|x64
		{DB8A875C-9A9D-4A4F-B6BD-40E576A726FF}.Release|x86.ActiveCfg = Release|x64
	EndGlobalSection
	GlobalSection(SolutionProperties) = preSolution
		HideSolutionNode = FALSE
	EndGlobalSection
	GlobalSection(ExtensibilityGlobals) = postSolution
		SolutionGuid = {07D0F4E8-0A2D-4C9E-86D7-48B940419795}
	EndGlobalSection
EndGlobal
