// !$*UTF8*$!
{
	archiveVersion = 1;
	classes = {
	};
	objectVersion = 46;
	objects = {

/* Begin PBXBuildFile section */
		05F5FAF040FB4828EECAF75F /* moc_message-listener.cpp in Build Sources */ = {isa = PBXBuildFile; fileRef = A06417AF991E60656F987040 /* moc_message-listener.cpp */; settings = {ATTRIBUTES = (); }; };
		0CEA8B673DCE96B027308553 /* moc_settings-mgr.cpp in Build Sources */ = {isa = PBXBuildFile; fileRef = 29EDE260E387C4C75C839F8A /* moc_settings-mgr.cpp */; settings = {ATTRIBUTES = (); }; };
		0D34C6A6DA32AF8FF166A35F /* account-mgr.cpp in Build Sources */ = {isa = PBXBuildFile; fileRef = 18B0D764643988BE058040E2 /* account-mgr.cpp */; settings = {ATTRIBUTES = (); }; };
		0EA66D86021F1DE4EA78E764 /* moc_rpc-client.cpp in Build Sources */ = {isa = PBXBuildFile; fileRef = 0E9EA1BC0B3FD84124231C83 /* moc_rpc-client.cpp */; settings = {ATTRIBUTES = (); }; };
		1059B53DBF47F2A43E1CD188 /* moc_configurator.cpp in Build Sources */ = {isa = PBXBuildFile; fileRef = 98487E78B31D1772411D5944 /* moc_configurator.cpp */; settings = {ATTRIBUTES = (); }; };
		13B2247D2B02BE88A40C295F /* qrc_QtAwesome.cpp in Build Sources */ = {isa = PBXBuildFile; fileRef = 6C1DDC659CAE244598656F60 /* qrc_QtAwesome.cpp */; settings = {ATTRIBUTES = (); }; };
		14030FB267B619C665EA0C8B /* QtCore.framework in Frameworks & Libraries */ = {isa = PBXBuildFile; fileRef = 98147451093A70FCFFA99C13 /* QtCore.framework */; };
		24A3AA563D808BB21304B023 /* tray-icon.cpp in Build Sources */ = {isa = PBXBuildFile; fileRef = 789B4A548B5035A78465D6A6 /* tray-icon.cpp */; settings = {ATTRIBUTES = (); }; };
		27997457CBD2D5F6D4407888 /* moc_account-mgr.cpp in Build Sources */ = {isa = PBXBuildFile; fileRef = EA84394838EF31A16866CDA4 /* moc_account-mgr.cpp */; settings = {ATTRIBUTES = (); }; };
		279D6D9391DF209D4B9C84C5 /* moc_settings-dialog.cpp in Build Sources */ = {isa = PBXBuildFile; fileRef = BE778565AEE56260BF2373B9 /* moc_settings-dialog.cpp */; settings = {ATTRIBUTES = (); }; };
		294FF64C5A7EF456034D7EB5 /* local-repo.cpp in Build Sources */ = {isa = PBXBuildFile; fileRef = EF9CA70963A1D8F2D78C864E /* local-repo.cpp */; settings = {ATTRIBUTES = (); }; };
		2B604A18BAD8B55E21505D45 /* local-view.cpp in Build Sources */ = {isa = PBXBuildFile; fileRef = 643E941C3DB8F0F1A598773F /* local-view.cpp */; settings = {ATTRIBUTES = (); }; };
		3583143BAFD7EB9F3966A8E2 /* seafile-applet.cpp in Build Sources */ = {isa = PBXBuildFile; fileRef = C26ABBC3F170B4DE2AC4B2D1 /* seafile-applet.cpp */; settings = {ATTRIBUTES = (); }; };
		3C01366494FE468991E55379 /* moc_create-repo-dialog.cpp in Build Sources */ = {isa = PBXBuildFile; fileRef = CB32C77F218E381AEF9FA744 /* moc_create-repo-dialog.cpp */; settings = {ATTRIBUTES = (); }; };
		43381E3325A472332BF94AED /* server-repo.cpp in Build Sources */ = {isa = PBXBuildFile; fileRef = F13F5D9C89B57E47382EBE5C /* server-repo.cpp */; settings = {ATTRIBUTES = (); }; };
		438F6734342CED5F13D276B4 /* login-dialog.cpp in Build Sources */ = {isa = PBXBuildFile; fileRef = 9C34B88D608340BC17E756FF /* login-dialog.cpp */; settings = {ATTRIBUTES = (); }; };
		4390FDD3424438B260B7DF4A /* local-repos-list-view.cpp in Build Sources */ = {isa = PBXBuildFile; fileRef = 4F752C39518973FD983B84CE /* local-repos-list-view.cpp */; settings = {ATTRIBUTES = (); }; };
		440BE9A365132E34EBC5843A /* moc_local-repos-list-model.cpp in Build Sources */ = {isa = PBXBuildFile; fileRef = BD0F2B9081A1E6C275EE897A /* moc_local-repos-list-model.cpp */; settings = {ATTRIBUTES = (); }; };
		48FE2AB07189AF639EF53145 /* sync-repo-dialog.cpp in Build Sources */ = {isa = PBXBuildFile; fileRef = EFD4E252F37FB162B4786E4E /* sync-repo-dialog.cpp */; settings = {ATTRIBUTES = (); }; };
		563E49A9ED7653686782365D /* api-client.cpp in Build Sources */ = {isa = PBXBuildFile; fileRef = 20CFBDFCCD359F1EAFDC2E71 /* api-client.cpp */; settings = {ATTRIBUTES = (); }; };
		56F2D1B45EAD3ECA73BF6C62 /* QtAwesome.cpp in Build Sources */ = {isa = PBXBuildFile; fileRef = 54D314D3A9A1186286D5363D /* QtAwesome.cpp */; settings = {ATTRIBUTES = (); }; };
		5731E6EDF88E02D89A2F81A8 /* daemon-mgr.cpp in Build Sources */ = {isa = PBXBuildFile; fileRef = 6D7568236FD1FCE4E32EBB33 /* daemon-mgr.cpp */; settings = {ATTRIBUTES = (); }; };
		57DC634C17DAF65600D4A0F9 /* ccnet in Bundle Resources */ = {isa = PBXBuildFile; fileRef = 57DC633617DAF65500D4A0F9 /* ccnet */; };
		57DC634D17DAF65600D4A0F9 /* libccnet.0.dylib in Frameworks & Libraries */ = {isa = PBXBuildFile; fileRef = 57DC633717DAF65500D4A0F9 /* libccnet.0.dylib */; };
		57DC634E17DAF65600D4A0F9 /* libcrypto.1.0.0.dylib in Frameworks & Libraries */ = {isa = PBXBuildFile; fileRef = 57DC633817DAF65500D4A0F9 /* libcrypto.1.0.0.dylib */; };
		57DC634F17DAF65600D4A0F9 /* libevent-2.0.5.dylib in Frameworks & Libraries */ = {isa = PBXBuildFile; fileRef = 57DC633917DAF65500D4A0F9 /* libevent-2.0.5.dylib */; };
		57DC635017DAF65600D4A0F9 /* libffi.6.dylib in Frameworks & Libraries */ = {isa = PBXBuildFile; fileRef = 57DC633A17DAF65500D4A0F9 /* libffi.6.dylib */; };
		57DC635117DAF65600D4A0F9 /* libgio-2.0.0.dylib in Frameworks & Libraries */ = {isa = PBXBuildFile; fileRef = 57DC633B17DAF65500D4A0F9 /* libgio-2.0.0.dylib */; };
		57DC635217DAF65600D4A0F9 /* libglib-2.0.0.dylib in Frameworks & Libraries */ = {isa = PBXBuildFile; fileRef = 57DC633C17DAF65500D4A0F9 /* libglib-2.0.0.dylib */; };
		57DC635317DAF65600D4A0F9 /* libgmodule-2.0.0.dylib in Frameworks & Libraries */ = {isa = PBXBuildFile; fileRef = 57DC633D17DAF65500D4A0F9 /* libgmodule-2.0.0.dylib */; };
		57DC635417DAF65600D4A0F9 /* libgobject-2.0.0.dylib in Frameworks & Libraries */ = {isa = PBXBuildFile; fileRef = 57DC633E17DAF65500D4A0F9 /* libgobject-2.0.0.dylib */; };
		57DC635517DAF65600D4A0F9 /* libgthread-2.0.0.dylib in Frameworks & Libraries */ = {isa = PBXBuildFile; fileRef = 57DC633F17DAF65500D4A0F9 /* libgthread-2.0.0.dylib */; };
		57DC635617DAF65600D4A0F9 /* libiconv.2.dylib in Frameworks & Libraries */ = {isa = PBXBuildFile; fileRef = 57DC634017DAF65500D4A0F9 /* libiconv.2.dylib */; };
		57DC635717DAF65600D4A0F9 /* libintl.8.dylib in Frameworks & Libraries */ = {isa = PBXBuildFile; fileRef = 57DC634117DAF65600D4A0F9 /* libintl.8.dylib */; };
		57DC635817DAF65600D4A0F9 /* libjansson.4.dylib in Frameworks & Libraries */ = {isa = PBXBuildFile; fileRef = 57DC634217DAF65600D4A0F9 /* libjansson.4.dylib */; };
		57DC635917DAF65600D4A0F9 /* libseafile.0.dylib in Frameworks & Libraries */ = {isa = PBXBuildFile; fileRef = 57DC634317DAF65600D4A0F9 /* libseafile.0.dylib */; };
		57DC635A17DAF65600D4A0F9 /* libsearpc-json-glib.0.dylib in Frameworks & Libraries */ = {isa = PBXBuildFile; fileRef = 57DC634417DAF65600D4A0F9 /* libsearpc-json-glib.0.dylib */; };
		57DC635B17DAF65600D4A0F9 /* libsearpc.1.dylib in Frameworks & Libraries */ = {isa = PBXBuildFile; fileRef = 57DC634517DAF65600D4A0F9 /* libsearpc.1.dylib */; };
		57DC635C17DAF65600D4A0F9 /* libsqlite3.0.dylib in Frameworks & Libraries */ = {isa = PBXBuildFile; fileRef = 57DC634617DAF65600D4A0F9 /* libsqlite3.0.dylib */; };
		57DC635D17DAF65600D4A0F9 /* libssl.1.0.0.dylib in Frameworks & Libraries */ = {isa = PBXBuildFile; fileRef = 57DC634717DAF65600D4A0F9 /* libssl.1.0.0.dylib */; };
		57DC635F17DAF65600D4A0F9 /* libuuid.16.dylib in Frameworks & Libraries */ = {isa = PBXBuildFile; fileRef = 57DC634917DAF65600D4A0F9 /* libuuid.16.dylib */; };
		57DC636017DAF65600D4A0F9 /* libz.1.dylib in Frameworks & Libraries */ = {isa = PBXBuildFile; fileRef = 57DC634A17DAF65600D4A0F9 /* libz.1.dylib */; };
		57DC636117DAF65600D4A0F9 /* seaf-daemon in Bundle Resources */ = {isa = PBXBuildFile; fileRef = 57DC634B17DAF65600D4A0F9 /* seaf-daemon */; };
		57DC636417DAF67800D4A0F9 /* qt.css in Bundle Resources */ = {isa = PBXBuildFile; fileRef = 57DC636317DAF67800D4A0F9 /* qt.css */; };
		57DC636617DAF68900D4A0F9 /* seafile.png in Bundle Resources */ = {isa = PBXBuildFile; fileRef = 57DC636517DAF68900D4A0F9 /* seafile.png */; };
		57DC636817DAFA4C00D4A0F9 /* libccnet.0.dylib in CopyFiles */ = {isa = PBXBuildFile; fileRef = 57DC633717DAF65500D4A0F9 /* libccnet.0.dylib */; };
		57DC636917DAFA4C00D4A0F9 /* libcrypto.1.0.0.dylib in CopyFiles */ = {isa = PBXBuildFile; fileRef = 57DC633817DAF65500D4A0F9 /* libcrypto.1.0.0.dylib */; };
		57DC636A17DAFA4C00D4A0F9 /* libevent-2.0.5.dylib in CopyFiles */ = {isa = PBXBuildFile; fileRef = 57DC633917DAF65500D4A0F9 /* libevent-2.0.5.dylib */; };
		57DC636B17DAFA4C00D4A0F9 /* libffi.6.dylib in CopyFiles */ = {isa = PBXBuildFile; fileRef = 57DC633A17DAF65500D4A0F9 /* libffi.6.dylib */; };
		57DC636C17DAFA4C00D4A0F9 /* libgio-2.0.0.dylib in CopyFiles */ = {isa = PBXBuildFile; fileRef = 57DC633B17DAF65500D4A0F9 /* libgio-2.0.0.dylib */; };
		57DC636D17DAFA4C00D4A0F9 /* libglib-2.0.0.dylib in CopyFiles */ = {isa = PBXBuildFile; fileRef = 57DC633C17DAF65500D4A0F9 /* libglib-2.0.0.dylib */; };
		57DC636E17DAFA4C00D4A0F9 /* libgmodule-2.0.0.dylib in CopyFiles */ = {isa = PBXBuildFile; fileRef = 57DC633D17DAF65500D4A0F9 /* libgmodule-2.0.0.dylib */; };
		57DC636F17DAFA4C00D4A0F9 /* libgobject-2.0.0.dylib in CopyFiles */ = {isa = PBXBuildFile; fileRef = 57DC633E17DAF65500D4A0F9 /* libgobject-2.0.0.dylib */; };
		57DC637017DAFA4C00D4A0F9 /* libgthread-2.0.0.dylib in CopyFiles */ = {isa = PBXBuildFile; fileRef = 57DC633F17DAF65500D4A0F9 /* libgthread-2.0.0.dylib */; };
		57DC637117DAFA4C00D4A0F9 /* libiconv.2.dylib in CopyFiles */ = {isa = PBXBuildFile; fileRef = 57DC634017DAF65500D4A0F9 /* libiconv.2.dylib */; };
		57DC637217DAFA4C00D4A0F9 /* libintl.8.dylib in CopyFiles */ = {isa = PBXBuildFile; fileRef = 57DC634117DAF65600D4A0F9 /* libintl.8.dylib */; };
		57DC637317DAFA4C00D4A0F9 /* libjansson.4.dylib in CopyFiles */ = {isa = PBXBuildFile; fileRef = 57DC634217DAF65600D4A0F9 /* libjansson.4.dylib */; };
		57DC637417DAFA4C00D4A0F9 /* libseafile.0.dylib in CopyFiles */ = {isa = PBXBuildFile; fileRef = 57DC634317DAF65600D4A0F9 /* libseafile.0.dylib */; };
		57DC637517DAFA4C00D4A0F9 /* libsearpc-json-glib.0.dylib in CopyFiles */ = {isa = PBXBuildFile; fileRef = 57DC634417DAF65600D4A0F9 /* libsearpc-json-glib.0.dylib */; };
		57DC637617DAFA4C00D4A0F9 /* libsearpc.1.dylib in CopyFiles */ = {isa = PBXBuildFile; fileRef = 57DC634517DAF65600D4A0F9 /* libsearpc.1.dylib */; };
		57DC637717DAFA4C00D4A0F9 /* libsqlite3.0.dylib in CopyFiles */ = {isa = PBXBuildFile; fileRef = 57DC634617DAF65600D4A0F9 /* libsqlite3.0.dylib */; };
		57DC637817DAFA4C00D4A0F9 /* libssl.1.0.0.dylib in CopyFiles */ = {isa = PBXBuildFile; fileRef = 57DC634717DAF65600D4A0F9 /* libssl.1.0.0.dylib */; };
		57DC637A17DAFA4C00D4A0F9 /* libuuid.16.dylib in CopyFiles */ = {isa = PBXBuildFile; fileRef = 57DC634917DAF65600D4A0F9 /* libuuid.16.dylib */; };
		57DC637B17DAFA4C00D4A0F9 /* libz.1.dylib in CopyFiles */ = {isa = PBXBuildFile; fileRef = 57DC634A17DAF65600D4A0F9 /* libz.1.dylib */; };
		5BD96A3E2D3D528B0ACC7B7B /* moc_api-request.cpp in Build Sources */ = {isa = PBXBuildFile; fileRef = A3B61B1C4ACCA96A7CBDA057 /* moc_api-request.cpp */; settings = {ATTRIBUTES = (); }; };
		61D68B5E5EA0C1B55DDDE037 /* moc_main-window.cpp in Build Sources */ = {isa = PBXBuildFile; fileRef = C7852029F0E54F35B8646B60 /* moc_main-window.cpp */; settings = {ATTRIBUTES = (); }; };
		63F5E009385E004587395935 /* moc_QtAwesome.cpp in Build Sources */ = {isa = PBXBuildFile; fileRef = 70B684FE328DB8330E444F0E /* moc_QtAwesome.cpp */; settings = {ATTRIBUTES = (); }; };
		6B0265641273EA0768CB1FD6 /* settings-dialog.cpp in Build Sources */ = {isa = PBXBuildFile; fileRef = 440AF3906D5908F91F184FA0 /* settings-dialog.cpp */; settings = {ATTRIBUTES = (); }; };
		6CAC7794CED789DA4E6BA990 /* api-request.cpp in Build Sources */ = {isa = PBXBuildFile; fileRef = A192E8C583DE6D183AB830D2 /* api-request.cpp */; settings = {ATTRIBUTES = (); }; };
		76DF22EBC9C30BB011454D1E /* qrc_seafile-client.cpp in Build Sources */ = {isa = PBXBuildFile; fileRef = A3676819047509703634A7EE /* qrc_seafile-client.cpp */; settings = {ATTRIBUTES = (); }; };
		89D2820197697823C289DD20 /* server-repos-list-view.cpp in Build Sources */ = {isa = PBXBuildFile; fileRef = 1339E5DD6FC3D74602E1BF63 /* server-repos-list-view.cpp */; settings = {ATTRIBUTES = (); }; };
		8F1FC88F72EA2D4C0DD05ACE /* moc_tray-icon.cpp in Build Sources */ = {isa = PBXBuildFile; fileRef = 73ED545928678F59A4713EE6 /* moc_tray-icon.cpp */; settings = {ATTRIBUTES = (); }; };
		97456CF2F3322305C26BC85B /* settings-mgr.cpp in Build Sources */ = {isa = PBXBuildFile; fileRef = E2B1DF0EE6B2686D4E5A3A92 /* settings-mgr.cpp */; settings = {ATTRIBUTES = (); }; };
		999C078F4F6B769771DC74E5 /* create-repo-dialog.cpp in Build Sources */ = {isa = PBXBuildFile; fileRef = BF147BF05154FE844FAD1F1D /* create-repo-dialog.cpp */; settings = {ATTRIBUTES = (); }; };
		99F3ACF804FF114825E9FC71 /* moc_switch-account-dialog.cpp in Build Sources */ = {isa = PBXBuildFile; fileRef = DCC715B2F3FCD4C703A3B47E /* moc_switch-account-dialog.cpp */; settings = {ATTRIBUTES = (); }; };
		9C198BD10CF2ECF3E3A0DE02 /* moc_seafile-applet.cpp in Build Sources */ = {isa = PBXBuildFile; fileRef = 8011B2FB509463524BD64F51 /* moc_seafile-applet.cpp */; settings = {ATTRIBUTES = (); }; };
		9E3A668BC32B063EEBCD5D6D /* moc_server-repos-list-view.cpp in Build Sources */ = {isa = PBXBuildFile; fileRef = 71CE676FAE2658F5C06B6D81 /* moc_server-repos-list-view.cpp */; settings = {ATTRIBUTES = (); }; };
		9E947B948576D9076289BAD1 /* cloud-view.cpp in Build Sources */ = {isa = PBXBuildFile; fileRef = 3BA5D0808DC3D9BCE92FD68B /* cloud-view.cpp */; settings = {ATTRIBUTES = (); }; };
		A04A39A52BD17F7BDD59DBAB /* moc_api-client.cpp in Build Sources */ = {isa = PBXBuildFile; fileRef = 37513BEB8CFEAD22B2B18732 /* moc_api-client.cpp */; settings = {ATTRIBUTES = (); }; };
		A86B493BC1FBB5D6840D6CAC /* configurator.cpp in Build Sources */ = {isa = PBXBuildFile; fileRef = C100E772CE09DDB25359AC27 /* configurator.cpp */; settings = {ATTRIBUTES = (); }; };
		ABE8B51C6034CB89BC26D4AA /* switch-account-dialog.cpp in Build Sources */ = {isa = PBXBuildFile; fileRef = ACF10015FBA0ED401333D8A3 /* switch-account-dialog.cpp */; settings = {ATTRIBUTES = (); }; };
		AD0A451F373B7F6896B7EA96 /* moc_server-repos-list-model.cpp in Build Sources */ = {isa = PBXBuildFile; fileRef = B225E57BD9CDC0DAC9596FCA /* moc_server-repos-list-model.cpp */; settings = {ATTRIBUTES = (); }; };
		B4FDD503501BE4EE70AC1BA5 /* moc_daemon-mgr.cpp in Build Sources */ = {isa = PBXBuildFile; fileRef = 32C995260AEC1C33B4569A73 /* moc_daemon-mgr.cpp */; settings = {ATTRIBUTES = (); }; };
		B7AD14512392CBCDEA55F01A /* message-listener.cpp in Build Sources */ = {isa = PBXBuildFile; fileRef = F92A5431EFFF323FB552481B /* message-listener.cpp */; settings = {ATTRIBUTES = (); }; };
		BC793246637FF51827EA4C5F /* QtGui.framework in Frameworks & Libraries */ = {isa = PBXBuildFile; fileRef = 6657E5C12ADFA1502DD63F0C /* QtGui.framework */; };
		BC81EEEF4632484E3D1758F3 /* moc_cloud-view.cpp in Build Sources */ = {isa = PBXBuildFile; fileRef = F470B63EC5CBA7C51767CC7B /* moc_cloud-view.cpp */; settings = {ATTRIBUTES = (); }; };
		BF72837392C28AA33400973F /* server-repos-list-model.cpp in Build Sources */ = {isa = PBXBuildFile; fileRef = C6C5BD7084ECF0827211B3C9 /* server-repos-list-model.cpp */; settings = {ATTRIBUTES = (); }; };
		C0F33F9C614CFAE1EC6C9BBA /* rpc-client.cpp in Build Sources */ = {isa = PBXBuildFile; fileRef = FE09A831EF666AAF1EDD1508 /* rpc-client.cpp */; settings = {ATTRIBUTES = (); }; };
		C8576F9C3F247212EE7A295C /* requests.cpp in Build Sources */ = {isa = PBXBuildFile; fileRef = 16CA8D5D0C54264C8EAF3B93 /* requests.cpp */; settings = {ATTRIBUTES = (); }; };
		D0223A80B80110D08C2A1531 /* rsa.cpp in Build Sources */ = {isa = PBXBuildFile; fileRef = 3F1D7504F15BA7DFD07C5EC0 /* rsa.cpp */; settings = {ATTRIBUTES = (); }; };
		D1F4FB837F493D264C151D68 /* moc_init-seafile-dialog.cpp in Build Sources */ = {isa = PBXBuildFile; fileRef = C68EF8DFA9D96DAABC14C50E /* moc_init-seafile-dialog.cpp */; settings = {ATTRIBUTES = (); }; };
		D333B15C4E876397BF7C0DA3 /* moc_login-dialog.cpp in Build Sources */ = {isa = PBXBuildFile; fileRef = 7F27CCF31F0DB045F1949D74 /* moc_login-dialog.cpp */; settings = {ATTRIBUTES = (); }; };
		D356C004F1A6617155E0F019 /* moc_local-view.cpp in Build Sources */ = {isa = PBXBuildFile; fileRef = CA1A616254EF33577E97F4F9 /* moc_local-view.cpp */; settings = {ATTRIBUTES = (); }; };
		DEB8F62E9272F0DD3771BFCB /* init-seafile-dialog.cpp in Build Sources */ = {isa = PBXBuildFile; fileRef = 9684A8BB9EB766A55C45D5DB /* init-seafile-dialog.cpp */; settings = {ATTRIBUTES = (); }; };
		DFBF9C2F7E536AD799882D60 /* moc_requests.cpp in Build Sources */ = {isa = PBXBuildFile; fileRef = 2A017BBC2BA5AA2D026B7683 /* moc_requests.cpp */; settings = {ATTRIBUTES = (); }; };
		E376494F08CBE844412D28EE /* main-window.cpp in Build Sources */ = {isa = PBXBuildFile; fileRef = B3FDEE76BC973D1CC3DA3358 /* main-window.cpp */; settings = {ATTRIBUTES = (); }; };
		E5580F3F77385B04D30B3A8B /* utils.cpp in Build Sources */ = {isa = PBXBuildFile; fileRef = 9310CC94D6E16C7F90BCF6E0 /* utils.cpp */; settings = {ATTRIBUTES = (); }; };
		E9FAC91D1652F60612C61CDD /* ccnet-init.cpp in Build Sources */ = {isa = PBXBuildFile; fileRef = 346B87E8EFBF490190401150 /* ccnet-init.cpp */; settings = {ATTRIBUTES = (); }; };
		EA3294774AF0E3E1D0DDE86F /* QtNetwork.framework in Frameworks & Libraries */ = {isa = PBXBuildFile; fileRef = 9C4523C4E75F30382E00ABC7 /* QtNetwork.framework */; };
		F53F8839B96716A01F949811 /* moc_sync-repo-dialog.cpp in Build Sources */ = {isa = PBXBuildFile; fileRef = 5F52637B8CF874335DD54B9D /* moc_sync-repo-dialog.cpp */; settings = {ATTRIBUTES = (); }; };
		F5D8F6CC9E28B34E5FA030FC /* local-repos-list-model.cpp in Build Sources */ = {isa = PBXBuildFile; fileRef = D788B1925EBAC15322139BA7 /* local-repos-list-model.cpp */; settings = {ATTRIBUTES = (); }; };
		F8D7CFDFD4AF9D0CA42B87D0 /* moc_local-repos-list-view.cpp in Build Sources */ = {isa = PBXBuildFile; fileRef = 7F7B7BDDDCE2D72CFB446C28 /* moc_local-repos-list-view.cpp */; settings = {ATTRIBUTES = (); }; };
		FD1638E377D97C82BDB438FB /* main.cpp in Build Sources */ = {isa = PBXBuildFile; fileRef = 7EC3C68A81EFFF79B6CA22AC /* main.cpp */; settings = {ATTRIBUTES = (); }; };
/* End PBXBuildFile section */

/* Begin PBXCopyFilesBuildPhase section */
		57DC636717DAFA2900D4A0F9 /* CopyFiles */ = {
			isa = PBXCopyFilesBuildPhase;
			buildActionMask = 2147483647;
			dstPath = "";
			dstSubfolderSpec = 10;
			files = (
				57DC636817DAFA4C00D4A0F9 /* libccnet.0.dylib in CopyFiles */,
				57DC636917DAFA4C00D4A0F9 /* libcrypto.1.0.0.dylib in CopyFiles */,
				57DC636A17DAFA4C00D4A0F9 /* libevent-2.0.5.dylib in CopyFiles */,
				57DC636B17DAFA4C00D4A0F9 /* libffi.6.dylib in CopyFiles */,
				57DC636C17DAFA4C00D4A0F9 /* libgio-2.0.0.dylib in CopyFiles */,
				57DC636D17DAFA4C00D4A0F9 /* libglib-2.0.0.dylib in CopyFiles */,
				57DC636E17DAFA4C00D4A0F9 /* libgmodule-2.0.0.dylib in CopyFiles */,
				57DC636F17DAFA4C00D4A0F9 /* libgobject-2.0.0.dylib in CopyFiles */,
				57DC637017DAFA4C00D4A0F9 /* libgthread-2.0.0.dylib in CopyFiles */,
				57DC637117DAFA4C00D4A0F9 /* libiconv.2.dylib in CopyFiles */,
				57DC637217DAFA4C00D4A0F9 /* libintl.8.dylib in CopyFiles */,
				57DC637317DAFA4C00D4A0F9 /* libjansson.4.dylib in CopyFiles */,
				57DC637417DAFA4C00D4A0F9 /* libseafile.0.dylib in CopyFiles */,
				57DC637517DAFA4C00D4A0F9 /* libsearpc-json-glib.0.dylib in CopyFiles */,
				57DC637617DAFA4C00D4A0F9 /* libsearpc.1.dylib in CopyFiles */,
				57DC637717DAFA4C00D4A0F9 /* libsqlite3.0.dylib in CopyFiles */,
				57DC637817DAFA4C00D4A0F9 /* libssl.1.0.0.dylib in CopyFiles */,
				57DC637A17DAFA4C00D4A0F9 /* libuuid.16.dylib in CopyFiles */,
				57DC637B17DAFA4C00D4A0F9 /* libz.1.dylib in CopyFiles */,
			);
			runOnlyForDeploymentPostprocessing = 0;
		};
/* End PBXCopyFilesBuildPhase section */

/* Begin PBXFileReference section */
		00ED22D6117C2D0DC63FDC63 /* sync-repo-dialog.h */ = {isa = PBXFileReference; lastKnownFileType = sourcecode.c.h; name = "sync-repo-dialog.h"; path = "src/ui/sync-repo-dialog.h"; sourceTree = SOURCE_ROOT; };
		0301254D61FCACAE66E9375E /* ui_init-seafile-dialog.h */ = {isa = PBXFileReference; lastKnownFileType = sourcecode.c.h; path = "ui_init-seafile-dialog.h"; sourceTree = SOURCE_ROOT; };
		092D19758C2879CC9909C696 /* ui_account-item.h */ = {isa = PBXFileReference; lastKnownFileType = sourcecode.c.h; path = "ui_account-item.h"; sourceTree = SOURCE_ROOT; };
		0E9EA1BC0B3FD84124231C83 /* moc_rpc-client.cpp */ = {isa = PBXFileReference; lastKnownFileType = sourcecode.cpp.cpp; path = "moc_rpc-client.cpp"; sourceTree = SOURCE_ROOT; };
		10829188A50D1B81F3B4EB2D /* ui_repo-details-view.h */ = {isa = PBXFileReference; lastKnownFileType = sourcecode.c.h; path = "ui_repo-details-view.h"; sourceTree = SOURCE_ROOT; };
		1339E5DD6FC3D74602E1BF63 /* server-repos-list-view.cpp */ = {isa = PBXFileReference; lastKnownFileType = sourcecode.cpp.cpp; name = "server-repos-list-view.cpp"; path = "src/ui/server-repos-list-view.cpp"; sourceTree = SOURCE_ROOT; };
		16CA8D5D0C54264C8EAF3B93 /* requests.cpp */ = {isa = PBXFileReference; lastKnownFileType = sourcecode.cpp.cpp; name = requests.cpp; path = src/api/requests.cpp; sourceTree = SOURCE_ROOT; };
		18B0D764643988BE058040E2 /* account-mgr.cpp */ = {isa = PBXFileReference; lastKnownFileType = sourcecode.cpp.cpp; name = "account-mgr.cpp"; path = "src/account-mgr.cpp"; sourceTree = SOURCE_ROOT; };
		18E30CD4524C5C4FE418FBF4 /* ui_repo-item.h */ = {isa = PBXFileReference; lastKnownFileType = sourcecode.c.h; path = "ui_repo-item.h"; sourceTree = SOURCE_ROOT; };
		1A5724EF9BC543700FEE4D1A /* message-listener.h */ = {isa = PBXFileReference; lastKnownFileType = sourcecode.c.h; name = "message-listener.h"; path = "src/message-listener.h"; sourceTree = SOURCE_ROOT; };
		1D3324A94CEF55FB52551A09 /* ui_download-repo.h */ = {isa = PBXFileReference; lastKnownFileType = sourcecode.c.h; path = "ui_download-repo.h"; sourceTree = SOURCE_ROOT; };
		1EFC136589B707F1B7BEE985 /* local-repos-list-view.h */ = {isa = PBXFileReference; lastKnownFileType = sourcecode.c.h; name = "local-repos-list-view.h"; path = "src/ui/local-repos-list-view.h"; sourceTree = SOURCE_ROOT; };
		20CFBDFCCD359F1EAFDC2E71 /* api-client.cpp */ = {isa = PBXFileReference; lastKnownFileType = sourcecode.cpp.cpp; name = "api-client.cpp"; path = "src/api/api-client.cpp"; sourceTree = SOURCE_ROOT; };
		21788D0ED4204F69017C96CA /* login-dialog.h */ = {isa = PBXFileReference; lastKnownFileType = sourcecode.c.h; name = "login-dialog.h"; path = "src/ui/login-dialog.h"; sourceTree = SOURCE_ROOT; };
		23DE555D686E19D757B7DFD9 /* ccnet-init.h */ = {isa = PBXFileReference; lastKnownFileType = sourcecode.c.h; name = "ccnet-init.h"; path = "src/ccnet-init.h"; sourceTree = SOURCE_ROOT; };
		2807DD55E5CBAACC044518F4 /* init-seafile-dialog.ui */ = {isa = PBXFileReference; lastKnownFileType = text.xml; name = "init-seafile-dialog.ui"; path = "ui/init-seafile-dialog.ui"; sourceTree = SOURCE_ROOT; };
		29EDE260E387C4C75C839F8A /* moc_settings-mgr.cpp */ = {isa = PBXFileReference; lastKnownFileType = sourcecode.cpp.cpp; path = "moc_settings-mgr.cpp"; sourceTree = SOURCE_ROOT; };
		2A017BBC2BA5AA2D026B7683 /* moc_requests.cpp */ = {isa = PBXFileReference; lastKnownFileType = sourcecode.cpp.cpp; path = moc_requests.cpp; sourceTree = SOURCE_ROOT; };
		2B3839E4C84F9C05130F0DB4 /* configurator.h */ = {isa = PBXFileReference; lastKnownFileType = sourcecode.c.h; name = configurator.h; path = src/configurator.h; sourceTree = SOURCE_ROOT; };
		2C5F6771590709580737633B /* tray-icon.h */ = {isa = PBXFileReference; lastKnownFileType = sourcecode.c.h; name = "tray-icon.h"; path = "src/ui/tray-icon.h"; sourceTree = SOURCE_ROOT; };
		32C995260AEC1C33B4569A73 /* moc_daemon-mgr.cpp */ = {isa = PBXFileReference; lastKnownFileType = sourcecode.cpp.cpp; path = "moc_daemon-mgr.cpp"; sourceTree = SOURCE_ROOT; };
		346B87E8EFBF490190401150 /* ccnet-init.cpp */ = {isa = PBXFileReference; lastKnownFileType = sourcecode.cpp.cpp; name = "ccnet-init.cpp"; path = "src/ccnet-init.cpp"; sourceTree = SOURCE_ROOT; };
		37513BEB8CFEAD22B2B18732 /* moc_api-client.cpp */ = {isa = PBXFileReference; lastKnownFileType = sourcecode.cpp.cpp; path = "moc_api-client.cpp"; sourceTree = SOURCE_ROOT; };
		3BA5D0808DC3D9BCE92FD68B /* cloud-view.cpp */ = {isa = PBXFileReference; lastKnownFileType = sourcecode.cpp.cpp; name = "cloud-view.cpp"; path = "src/ui/cloud-view.cpp"; sourceTree = SOURCE_ROOT; };
		3C4B64C144EC4D5F8F3D3872 /* repo-item.ui */ = {isa = PBXFileReference; lastKnownFileType = text.xml; name = "repo-item.ui"; path = "ui/repo-item.ui"; sourceTree = SOURCE_ROOT; };
		3D276C865D1C7C56FAB62DA0 /* rpc-client.h */ = {isa = PBXFileReference; lastKnownFileType = sourcecode.c.h; name = "rpc-client.h"; path = "src/rpc/rpc-client.h"; sourceTree = SOURCE_ROOT; };
		3F1D7504F15BA7DFD07C5EC0 /* rsa.cpp */ = {isa = PBXFileReference; lastKnownFileType = sourcecode.cpp.cpp; name = rsa.cpp; path = src/utils/rsa.cpp; sourceTree = SOURCE_ROOT; };
		4399836E64E05D7765C6A5A9 /* cloud-view.h */ = {isa = PBXFileReference; lastKnownFileType = sourcecode.c.h; name = "cloud-view.h"; path = "src/ui/cloud-view.h"; sourceTree = SOURCE_ROOT; };
		440AF3906D5908F91F184FA0 /* settings-dialog.cpp */ = {isa = PBXFileReference; lastKnownFileType = sourcecode.cpp.cpp; name = "settings-dialog.cpp"; path = "src/ui/settings-dialog.cpp"; sourceTree = SOURCE_ROOT; };
		44329D9A7CD689013E57B062 /* local-repo.h */ = {isa = PBXFileReference; lastKnownFileType = sourcecode.c.h; name = "local-repo.h"; path = "src/rpc/local-repo.h"; sourceTree = SOURCE_ROOT; };
		459E27A1C067B39340AB905D /* switch-account-dialog.ui */ = {isa = PBXFileReference; lastKnownFileType = text.xml; name = "switch-account-dialog.ui"; path = "ui/switch-account-dialog.ui"; sourceTree = SOURCE_ROOT; };
		45DA9C04F96BC8CC24245E89 /* sync-repo.ui */ = {isa = PBXFileReference; lastKnownFileType = text.xml; name = "sync-repo.ui"; path = "ui/sync-repo.ui"; sourceTree = SOURCE_ROOT; };
		4BF7AB123A9331D3971B3E46 /* requests.h */ = {isa = PBXFileReference; lastKnownFileType = sourcecode.c.h; name = requests.h; path = src/api/requests.h; sourceTree = SOURCE_ROOT; };
		4F752C39518973FD983B84CE /* local-repos-list-view.cpp */ = {isa = PBXFileReference; lastKnownFileType = sourcecode.cpp.cpp; name = "local-repos-list-view.cpp"; path = "src/ui/local-repos-list-view.cpp"; sourceTree = SOURCE_ROOT; };
		50DE6434CCA9FD9348B7934F /* ui_account-view.h */ = {isa = PBXFileReference; lastKnownFileType = sourcecode.c.h; path = "ui_account-view.h"; sourceTree = SOURCE_ROOT; };
		51928CFB08EB687EE5121F16 /* server-repos-list-model.h */ = {isa = PBXFileReference; lastKnownFileType = sourcecode.c.h; name = "server-repos-list-model.h"; path = "src/ui/server-repos-list-model.h"; sourceTree = SOURCE_ROOT; };
		519B717B64638A5D97B91CEE /* settings-dialog.ui */ = {isa = PBXFileReference; lastKnownFileType = text.xml; name = "settings-dialog.ui"; path = "ui/settings-dialog.ui"; sourceTree = SOURCE_ROOT; };
		53941764B1EEA25839BC349F /* local-view.h */ = {isa = PBXFileReference; lastKnownFileType = sourcecode.c.h; name = "local-view.h"; path = "src/ui/local-view.h"; sourceTree = SOURCE_ROOT; };
		543159A1A22AEE2BE39F2113 /* settings-mgr.h */ = {isa = PBXFileReference; lastKnownFileType = sourcecode.c.h; name = "settings-mgr.h"; path = "src/settings-mgr.h"; sourceTree = SOURCE_ROOT; };
		54D314D3A9A1186286D5363D /* QtAwesome.cpp */ = {isa = PBXFileReference; lastKnownFileType = sourcecode.cpp.cpp; name = QtAwesome.cpp; path = third_party/QtAwesome/QtAwesome.cpp; sourceTree = SOURCE_ROOT; };
		57DC633417DAF5C600D4A0F9 /* seafile-client.app */ = {isa = PBXFileReference; explicitFileType = wrapper.application; includeInIndex = 0; path = "seafile-client.app"; sourceTree = BUILT_PRODUCTS_DIR; };
		57DC633617DAF65500D4A0F9 /* ccnet */ = {isa = PBXFileReference; lastKnownFileType = "compiled.mach-o.executable"; name = ccnet; path = libs/ccnet; sourceTree = SOURCE_ROOT; };
		57DC633717DAF65500D4A0F9 /* libccnet.0.dylib */ = {isa = PBXFileReference; lastKnownFileType = "compiled.mach-o.dylib"; name = libccnet.0.dylib; path = libs/libccnet.0.dylib; sourceTree = SOURCE_ROOT; };
		57DC633817DAF65500D4A0F9 /* libcrypto.1.0.0.dylib */ = {isa = PBXFileReference; lastKnownFileType = "compiled.mach-o.dylib"; name = libcrypto.1.0.0.dylib; path = libs/libcrypto.1.0.0.dylib; sourceTree = SOURCE_ROOT; };
		57DC633917DAF65500D4A0F9 /* libevent-2.0.5.dylib */ = {isa = PBXFileReference; lastKnownFileType = "compiled.mach-o.dylib"; name = "libevent-2.0.5.dylib"; path = "libs/libevent-2.0.5.dylib"; sourceTree = SOURCE_ROOT; };
		57DC633A17DAF65500D4A0F9 /* libffi.6.dylib */ = {isa = PBXFileReference; lastKnownFileType = "compiled.mach-o.dylib"; name = libffi.6.dylib; path = libs/libffi.6.dylib; sourceTree = SOURCE_ROOT; };
		57DC633B17DAF65500D4A0F9 /* libgio-2.0.0.dylib */ = {isa = PBXFileReference; lastKnownFileType = "compiled.mach-o.dylib"; name = "libgio-2.0.0.dylib"; path = "libs/libgio-2.0.0.dylib"; sourceTree = SOURCE_ROOT; };
		57DC633C17DAF65500D4A0F9 /* libglib-2.0.0.dylib */ = {isa = PBXFileReference; lastKnownFileType = "compiled.mach-o.dylib"; name = "libglib-2.0.0.dylib"; path = "libs/libglib-2.0.0.dylib"; sourceTree = SOURCE_ROOT; };
		57DC633D17DAF65500D4A0F9 /* libgmodule-2.0.0.dylib */ = {isa = PBXFileReference; lastKnownFileType = "compiled.mach-o.dylib"; name = "libgmodule-2.0.0.dylib"; path = "libs/libgmodule-2.0.0.dylib"; sourceTree = SOURCE_ROOT; };
		57DC633E17DAF65500D4A0F9 /* libgobject-2.0.0.dylib */ = {isa = PBXFileReference; lastKnownFileType = "compiled.mach-o.dylib"; name = "libgobject-2.0.0.dylib"; path = "libs/libgobject-2.0.0.dylib"; sourceTree = SOURCE_ROOT; };
		57DC633F17DAF65500D4A0F9 /* libgthread-2.0.0.dylib */ = {isa = PBXFileReference; lastKnownFileType = "compiled.mach-o.dylib"; name = "libgthread-2.0.0.dylib"; path = "libs/libgthread-2.0.0.dylib"; sourceTree = SOURCE_ROOT; };
		57DC634017DAF65500D4A0F9 /* libiconv.2.dylib */ = {isa = PBXFileReference; lastKnownFileType = "compiled.mach-o.dylib"; name = libiconv.2.dylib; path = libs/libiconv.2.dylib; sourceTree = SOURCE_ROOT; };
		57DC634117DAF65600D4A0F9 /* libintl.8.dylib */ = {isa = PBXFileReference; lastKnownFileType = "compiled.mach-o.dylib"; name = libintl.8.dylib; path = libs/libintl.8.dylib; sourceTree = SOURCE_ROOT; };
		57DC634217DAF65600D4A0F9 /* libjansson.4.dylib */ = {isa = PBXFileReference; lastKnownFileType = "compiled.mach-o.dylib"; name = libjansson.4.dylib; path = libs/libjansson.4.dylib; sourceTree = SOURCE_ROOT; };
		57DC634317DAF65600D4A0F9 /* libseafile.0.dylib */ = {isa = PBXFileReference; lastKnownFileType = "compiled.mach-o.dylib"; name = libseafile.0.dylib; path = libs/libseafile.0.dylib; sourceTree = SOURCE_ROOT; };
		57DC634417DAF65600D4A0F9 /* libsearpc-json-glib.0.dylib */ = {isa = PBXFileReference; lastKnownFileType = "compiled.mach-o.dylib"; name = "libsearpc-json-glib.0.dylib"; path = "libs/libsearpc-json-glib.0.dylib"; sourceTree = SOURCE_ROOT; };
		57DC634517DAF65600D4A0F9 /* libsearpc.1.dylib */ = {isa = PBXFileReference; lastKnownFileType = "compiled.mach-o.dylib"; name = libsearpc.1.dylib; path = libs/libsearpc.1.dylib; sourceTree = SOURCE_ROOT; };
		57DC634617DAF65600D4A0F9 /* libsqlite3.0.dylib */ = {isa = PBXFileReference; lastKnownFileType = "compiled.mach-o.dylib"; name = libsqlite3.0.dylib; path = libs/libsqlite3.0.dylib; sourceTree = SOURCE_ROOT; };
		57DC634717DAF65600D4A0F9 /* libssl.1.0.0.dylib */ = {isa = PBXFileReference; lastKnownFileType = "compiled.mach-o.dylib"; name = libssl.1.0.0.dylib; path = libs/libssl.1.0.0.dylib; sourceTree = SOURCE_ROOT; };
		57DC634917DAF65600D4A0F9 /* libuuid.16.dylib */ = {isa = PBXFileReference; lastKnownFileType = "compiled.mach-o.dylib"; name = libuuid.16.dylib; path = libs/libuuid.16.dylib; sourceTree = SOURCE_ROOT; };
		57DC634A17DAF65600D4A0F9 /* libz.1.dylib */ = {isa = PBXFileReference; lastKnownFileType = "compiled.mach-o.dylib"; name = libz.1.dylib; path = libs/libz.1.dylib; sourceTree = SOURCE_ROOT; };
		57DC634B17DAF65600D4A0F9 /* seaf-daemon */ = {isa = PBXFileReference; lastKnownFileType = "compiled.mach-o.executable"; name = "seaf-daemon"; path = "libs/seaf-daemon"; sourceTree = SOURCE_ROOT; };
		57DC636317DAF67800D4A0F9 /* qt.css */ = {isa = PBXFileReference; fileEncoding = 4; lastKnownFileType = text.css; path = qt.css; sourceTree = SOURCE_ROOT; };
		57DC636517DAF68900D4A0F9 /* seafile.png */ = {isa = PBXFileReference; lastKnownFileType = image.png; name = seafile.png; path = images/seafile.png; sourceTree = SOURCE_ROOT; };
		5B16B451EBF993675B863D6B /* ui_settings-dialog.h */ = {isa = PBXFileReference; lastKnownFileType = sourcecode.c.h; path = "ui_settings-dialog.h"; sourceTree = SOURCE_ROOT; };
		5E28979F053EDAE5DE867CFE /* create-repo-dialog.h */ = {isa = PBXFileReference; lastKnownFileType = sourcecode.c.h; name = "create-repo-dialog.h"; path = "src/ui/create-repo-dialog.h"; sourceTree = SOURCE_ROOT; };
		5F220C6AA01CD794256B4A11 /* switch-account-dialog.h */ = {isa = PBXFileReference; lastKnownFileType = sourcecode.c.h; name = "switch-account-dialog.h"; path = "src/ui/switch-account-dialog.h"; sourceTree = SOURCE_ROOT; };
		5F52637B8CF874335DD54B9D /* moc_sync-repo-dialog.cpp */ = {isa = PBXFileReference; lastKnownFileType = sourcecode.cpp.cpp; path = "moc_sync-repo-dialog.cpp"; sourceTree = SOURCE_ROOT; };
		6128E081F4D8D81EB5362D56 /* login-dialog.ui */ = {isa = PBXFileReference; lastKnownFileType = text.xml; name = "login-dialog.ui"; path = "ui/login-dialog.ui"; sourceTree = SOURCE_ROOT; };
		643E941C3DB8F0F1A598773F /* local-view.cpp */ = {isa = PBXFileReference; lastKnownFileType = sourcecode.cpp.cpp; name = "local-view.cpp"; path = "src/ui/local-view.cpp"; sourceTree = SOURCE_ROOT; };
		65552B7332136F28536484E1 /* seafile-client.qrc */ = {isa = PBXFileReference; lastKnownFileType = text; path = "seafile-client.qrc"; sourceTree = SOURCE_ROOT; };
		6657E5C12ADFA1502DD63F0C /* QtGui.framework */ = {isa = PBXFileReference; lastKnownFileType = wrapper.framework; name = QtGui.framework; path = /opt/local/Library/Frameworks/QtGui.framework; sourceTree = "<absolute>"; };
		6B66CD7D8DA25BF828E76EB7 /* main-window.h */ = {isa = PBXFileReference; lastKnownFileType = sourcecode.c.h; name = "main-window.h"; path = "src/ui/main-window.h"; sourceTree = SOURCE_ROOT; };
		6C1DDC659CAE244598656F60 /* qrc_QtAwesome.cpp */ = {isa = PBXFileReference; lastKnownFileType = sourcecode.cpp.cpp; path = qrc_QtAwesome.cpp; sourceTree = SOURCE_ROOT; };
		6D29EC2A9C34C93940AC0F4B /* create-repo.ui */ = {isa = PBXFileReference; lastKnownFileType = text.xml; name = "create-repo.ui"; path = "ui/create-repo.ui"; sourceTree = SOURCE_ROOT; };
		6D7568236FD1FCE4E32EBB33 /* daemon-mgr.cpp */ = {isa = PBXFileReference; lastKnownFileType = sourcecode.cpp.cpp; name = "daemon-mgr.cpp"; path = "src/daemon-mgr.cpp"; sourceTree = SOURCE_ROOT; };
		70B684FE328DB8330E444F0E /* moc_QtAwesome.cpp */ = {isa = PBXFileReference; lastKnownFileType = sourcecode.cpp.cpp; path = moc_QtAwesome.cpp; sourceTree = SOURCE_ROOT; };
		71CE676FAE2658F5C06B6D81 /* moc_server-repos-list-view.cpp */ = {isa = PBXFileReference; lastKnownFileType = sourcecode.cpp.cpp; path = "moc_server-repos-list-view.cpp"; sourceTree = SOURCE_ROOT; };
		73ED545928678F59A4713EE6 /* moc_tray-icon.cpp */ = {isa = PBXFileReference; lastKnownFileType = sourcecode.cpp.cpp; path = "moc_tray-icon.cpp"; sourceTree = SOURCE_ROOT; };
		74A27F17C450930B15596F83 /* ui_sync-repo.h */ = {isa = PBXFileReference; lastKnownFileType = sourcecode.c.h; path = "ui_sync-repo.h"; sourceTree = SOURCE_ROOT; };
		759030B75846623E6356A5E0 /* api-request.h */ = {isa = PBXFileReference; lastKnownFileType = sourcecode.c.h; name = "api-request.h"; path = "src/api/api-request.h"; sourceTree = SOURCE_ROOT; };
		778937C744C6D44D2924E2CE /* ui_create-repo.h */ = {isa = PBXFileReference; lastKnownFileType = sourcecode.c.h; path = "ui_create-repo.h"; sourceTree = SOURCE_ROOT; };
		77EE0FE6D1D2F9C77A052DAD /* ui_get-account-repos-dialog.h */ = {isa = PBXFileReference; lastKnownFileType = sourcecode.c.h; path = "ui_get-account-repos-dialog.h"; sourceTree = SOURCE_ROOT; };
		77F8CC29EE301DA767A55069 /* api-client.h */ = {isa = PBXFileReference; lastKnownFileType = sourcecode.c.h; name = "api-client.h"; path = "src/api/api-client.h"; sourceTree = SOURCE_ROOT; };
		7869B2FD9AF5528CF6D06AB3 /* account-item.ui */ = {isa = PBXFileReference; lastKnownFileType = text.xml; name = "account-item.ui"; path = "ui/account-item.ui"; sourceTree = SOURCE_ROOT; };
		789B4A548B5035A78465D6A6 /* tray-icon.cpp */ = {isa = PBXFileReference; lastKnownFileType = sourcecode.cpp.cpp; name = "tray-icon.cpp"; path = "src/ui/tray-icon.cpp"; sourceTree = SOURCE_ROOT; };
		7B31C8EA53D79ED772B3103E /* utils.h */ = {isa = PBXFileReference; lastKnownFileType = sourcecode.c.h; name = utils.h; path = src/utils/utils.h; sourceTree = SOURCE_ROOT; };
		7EC3C68A81EFFF79B6CA22AC /* main.cpp */ = {isa = PBXFileReference; lastKnownFileType = sourcecode.cpp.cpp; name = main.cpp; path = src/main.cpp; sourceTree = SOURCE_ROOT; };
		7F27CCF31F0DB045F1949D74 /* moc_login-dialog.cpp */ = {isa = PBXFileReference; lastKnownFileType = sourcecode.cpp.cpp; path = "moc_login-dialog.cpp"; sourceTree = SOURCE_ROOT; };
		7F7B7BDDDCE2D72CFB446C28 /* moc_local-repos-list-view.cpp */ = {isa = PBXFileReference; lastKnownFileType = sourcecode.cpp.cpp; path = "moc_local-repos-list-view.cpp"; sourceTree = SOURCE_ROOT; };
		8011B2FB509463524BD64F51 /* moc_seafile-applet.cpp */ = {isa = PBXFileReference; lastKnownFileType = sourcecode.cpp.cpp; path = "moc_seafile-applet.cpp"; sourceTree = SOURCE_ROOT; };
		83A493F7D93E594F02B46EF0 /* rsa.h */ = {isa = PBXFileReference; lastKnownFileType = sourcecode.c.h; name = rsa.h; path = src/utils/rsa.h; sourceTree = SOURCE_ROOT; };
		8AF1C58D91CC56CC2AA60C61 /* ui_server-repos-view.h */ = {isa = PBXFileReference; lastKnownFileType = sourcecode.c.h; path = "ui_server-repos-view.h"; sourceTree = SOURCE_ROOT; };
		91C9EA9410D82AE0D7AD6585 /* account.h */ = {isa = PBXFileReference; lastKnownFileType = sourcecode.c.h; name = account.h; path = src/account.h; sourceTree = SOURCE_ROOT; };
		9310CC94D6E16C7F90BCF6E0 /* utils.cpp */ = {isa = PBXFileReference; lastKnownFileType = sourcecode.cpp.cpp; name = utils.cpp; path = src/utils/utils.cpp; sourceTree = SOURCE_ROOT; };
		938C80C72DAA1E6F6121F35A /* QtAwesome.qrc */ = {isa = PBXFileReference; lastKnownFileType = text; name = QtAwesome.qrc; path = third_party/QtAwesome/QtAwesome.qrc; sourceTree = SOURCE_ROOT; };
		95A8CDBC67760A05AB781ADD /* ui_login-dialog.h */ = {isa = PBXFileReference; lastKnownFileType = sourcecode.c.h; path = "ui_login-dialog.h"; sourceTree = SOURCE_ROOT; };
		9684A8BB9EB766A55C45D5DB /* init-seafile-dialog.cpp */ = {isa = PBXFileReference; lastKnownFileType = sourcecode.cpp.cpp; name = "init-seafile-dialog.cpp"; path = "src/ui/init-seafile-dialog.cpp"; sourceTree = SOURCE_ROOT; };
		97E7962B934201FC63A0D073 /* ui_repos-view.h */ = {isa = PBXFileReference; lastKnownFileType = sourcecode.c.h; path = "ui_repos-view.h"; sourceTree = SOURCE_ROOT; };
		98147451093A70FCFFA99C13 /* QtCore.framework */ = {isa = PBXFileReference; lastKnownFileType = wrapper.framework; name = QtCore.framework; path = /opt/local/Library/Frameworks/QtCore.framework; sourceTree = "<absolute>"; };
		9825E533BDA2DFB5E251114D /* ui_accounts-view.h */ = {isa = PBXFileReference; lastKnownFileType = sourcecode.c.h; path = "ui_accounts-view.h"; sourceTree = SOURCE_ROOT; };
		98487E78B31D1772411D5944 /* moc_configurator.cpp */ = {isa = PBXFileReference; lastKnownFileType = sourcecode.cpp.cpp; path = moc_configurator.cpp; sourceTree = SOURCE_ROOT; };
		99AE77051859CAF194797090 /* server-repo-item.ui */ = {isa = PBXFileReference; lastKnownFileType = text.xml; name = "server-repo-item.ui"; path = "ui/server-repo-item.ui"; sourceTree = SOURCE_ROOT; };
		9C34B88D608340BC17E756FF /* login-dialog.cpp */ = {isa = PBXFileReference; lastKnownFileType = sourcecode.cpp.cpp; name = "login-dialog.cpp"; path = "src/ui/login-dialog.cpp"; sourceTree = SOURCE_ROOT; };
		9C4523C4E75F30382E00ABC7 /* QtNetwork.framework */ = {isa = PBXFileReference; lastKnownFileType = wrapper.framework; name = QtNetwork.framework; path = /opt/local/Library/Frameworks/QtNetwork.framework; sourceTree = "<absolute>"; };
		A06417AF991E60656F987040 /* moc_message-listener.cpp */ = {isa = PBXFileReference; lastKnownFileType = sourcecode.cpp.cpp; path = "moc_message-listener.cpp"; sourceTree = SOURCE_ROOT; };
		A11A1C9C88543BBB7910571E /* account-mgr.h */ = {isa = PBXFileReference; lastKnownFileType = sourcecode.c.h; name = "account-mgr.h"; path = "src/account-mgr.h"; sourceTree = SOURCE_ROOT; };
		A192E8C583DE6D183AB830D2 /* api-request.cpp */ = {isa = PBXFileReference; lastKnownFileType = sourcecode.cpp.cpp; name = "api-request.cpp"; path = "src/api/api-request.cpp"; sourceTree = SOURCE_ROOT; };
		A3676819047509703634A7EE /* qrc_seafile-client.cpp */ = {isa = PBXFileReference; lastKnownFileType = sourcecode.cpp.cpp; path = "qrc_seafile-client.cpp"; sourceTree = SOURCE_ROOT; };
		A3B61B1C4ACCA96A7CBDA057 /* moc_api-request.cpp */ = {isa = PBXFileReference; lastKnownFileType = sourcecode.cpp.cpp; path = "moc_api-request.cpp"; sourceTree = SOURCE_ROOT; };
		A3D71F8073BAA3550B801EBF /* server-repo.h */ = {isa = PBXFileReference; lastKnownFileType = sourcecode.c.h; name = "server-repo.h"; path = "src/api/server-repo.h"; sourceTree = SOURCE_ROOT; };
		A3F8D2D2C55663EE859646A9 /* server-repos-list-view.h */ = {isa = PBXFileReference; lastKnownFileType = sourcecode.c.h; name = "server-repos-list-view.h"; path = "src/ui/server-repos-list-view.h"; sourceTree = SOURCE_ROOT; };
		A686D5AAB31F1D4A129CDC4F /* ui_list-account-repos-dialog.h */ = {isa = PBXFileReference; lastKnownFileType = sourcecode.c.h; path = "ui_list-account-repos-dialog.h"; sourceTree = SOURCE_ROOT; };
		ACF10015FBA0ED401333D8A3 /* switch-account-dialog.cpp */ = {isa = PBXFileReference; lastKnownFileType = sourcecode.cpp.cpp; name = "switch-account-dialog.cpp"; path = "src/ui/switch-account-dialog.cpp"; sourceTree = SOURCE_ROOT; };
		B225E57BD9CDC0DAC9596FCA /* moc_server-repos-list-model.cpp */ = {isa = PBXFileReference; lastKnownFileType = sourcecode.cpp.cpp; path = "moc_server-repos-list-model.cpp"; sourceTree = SOURCE_ROOT; };
		B3A3F2B1E6DC9F82651CD7DF /* QtAwesome.h */ = {isa = PBXFileReference; lastKnownFileType = sourcecode.c.h; name = QtAwesome.h; path = third_party/QtAwesome/QtAwesome.h; sourceTree = SOURCE_ROOT; };
		B3FDEE76BC973D1CC3DA3358 /* main-window.cpp */ = {isa = PBXFileReference; lastKnownFileType = sourcecode.cpp.cpp; name = "main-window.cpp"; path = "src/ui/main-window.cpp"; sourceTree = SOURCE_ROOT; };
		B456E933A782E32C2623CF68 /* accounts-view.ui */ = {isa = PBXFileReference; lastKnownFileType = text.xml; name = "accounts-view.ui"; path = "ui/accounts-view.ui"; sourceTree = SOURCE_ROOT; };
		B55453466FEDDF7FBF3B2D55 /* repo-details-view.ui */ = {isa = PBXFileReference; lastKnownFileType = text.xml; name = "repo-details-view.ui"; path = "ui/repo-details-view.ui"; sourceTree = SOURCE_ROOT; };
		BD0F2B9081A1E6C275EE897A /* moc_local-repos-list-model.cpp */ = {isa = PBXFileReference; lastKnownFileType = sourcecode.cpp.cpp; path = "moc_local-repos-list-model.cpp"; sourceTree = SOURCE_ROOT; };
		BE778565AEE56260BF2373B9 /* moc_settings-dialog.cpp */ = {isa = PBXFileReference; lastKnownFileType = sourcecode.cpp.cpp; path = "moc_settings-dialog.cpp"; sourceTree = SOURCE_ROOT; };
		BF147BF05154FE844FAD1F1D /* create-repo-dialog.cpp */ = {isa = PBXFileReference; lastKnownFileType = sourcecode.cpp.cpp; name = "create-repo-dialog.cpp"; path = "src/ui/create-repo-dialog.cpp"; sourceTree = SOURCE_ROOT; };
		C07EA540E3793EB3913436E1 /* ui_server-repo-item.h */ = {isa = PBXFileReference; lastKnownFileType = sourcecode.c.h; path = "ui_server-repo-item.h"; sourceTree = SOURCE_ROOT; };
		C084286CBD466D2CFAA63930 /* daemon-mgr.h */ = {isa = PBXFileReference; lastKnownFileType = sourcecode.c.h; name = "daemon-mgr.h"; path = "src/daemon-mgr.h"; sourceTree = SOURCE_ROOT; };
		C100E772CE09DDB25359AC27 /* configurator.cpp */ = {isa = PBXFileReference; lastKnownFileType = sourcecode.cpp.cpp; name = configurator.cpp; path = src/configurator.cpp; sourceTree = SOURCE_ROOT; };
		C26ABBC3F170B4DE2AC4B2D1 /* seafile-applet.cpp */ = {isa = PBXFileReference; lastKnownFileType = sourcecode.cpp.cpp; name = "seafile-applet.cpp"; path = "src/seafile-applet.cpp"; sourceTree = SOURCE_ROOT; };
		C68EF8DFA9D96DAABC14C50E /* moc_init-seafile-dialog.cpp */ = {isa = PBXFileReference; lastKnownFileType = sourcecode.cpp.cpp; path = "moc_init-seafile-dialog.cpp"; sourceTree = SOURCE_ROOT; };
		C6C5BD7084ECF0827211B3C9 /* server-repos-list-model.cpp */ = {isa = PBXFileReference; lastKnownFileType = sourcecode.cpp.cpp; name = "server-repos-list-model.cpp"; path = "src/ui/server-repos-list-model.cpp"; sourceTree = SOURCE_ROOT; };
		C7852029F0E54F35B8646B60 /* moc_main-window.cpp */ = {isa = PBXFileReference; lastKnownFileType = sourcecode.cpp.cpp; path = "moc_main-window.cpp"; sourceTree = SOURCE_ROOT; };
		CA1A616254EF33577E97F4F9 /* moc_local-view.cpp */ = {isa = PBXFileReference; lastKnownFileType = sourcecode.cpp.cpp; path = "moc_local-view.cpp"; sourceTree = SOURCE_ROOT; };
		CB2708F2DA54AC5AD2AA8970 /* seafile-client.pro */ = {isa = PBXFileReference; lastKnownFileType = text; path = "seafile-client.pro"; sourceTree = SOURCE_ROOT; };
		CB32C77F218E381AEF9FA744 /* moc_create-repo-dialog.cpp */ = {isa = PBXFileReference; lastKnownFileType = sourcecode.cpp.cpp; path = "moc_create-repo-dialog.cpp"; sourceTree = SOURCE_ROOT; };
		CFA8F669C17074F701A489AD /* settings-dialog.h */ = {isa = PBXFileReference; lastKnownFileType = sourcecode.c.h; name = "settings-dialog.h"; path = "src/ui/settings-dialog.h"; sourceTree = SOURCE_ROOT; };
		D6C9588F9A0F7922311F7DB5 /* seafile-applet.h */ = {isa = PBXFileReference; lastKnownFileType = sourcecode.c.h; name = "seafile-applet.h"; path = "src/seafile-applet.h"; sourceTree = SOURCE_ROOT; };
		D6E6C9C818C00F60A26D749C /* server-repos-view.ui */ = {isa = PBXFileReference; lastKnownFileType = text.xml; name = "server-repos-view.ui"; path = "ui/server-repos-view.ui"; sourceTree = SOURCE_ROOT; };
		D731B66572033DD30E675EE6 /* ui_switch-account-dialog.h */ = {isa = PBXFileReference; lastKnownFileType = sourcecode.c.h; path = "ui_switch-account-dialog.h"; sourceTree = SOURCE_ROOT; };
		D788B1925EBAC15322139BA7 /* local-repos-list-model.cpp */ = {isa = PBXFileReference; lastKnownFileType = sourcecode.cpp.cpp; name = "local-repos-list-model.cpp"; path = "src/ui/local-repos-list-model.cpp"; sourceTree = SOURCE_ROOT; };
		DCC715B2F3FCD4C703A3B47E /* moc_switch-account-dialog.cpp */ = {isa = PBXFileReference; lastKnownFileType = sourcecode.cpp.cpp; path = "moc_switch-account-dialog.cpp"; sourceTree = SOURCE_ROOT; };
		DF26990B68B0D60371D7C449 /* local-repos-list-model.h */ = {isa = PBXFileReference; lastKnownFileType = sourcecode.c.h; name = "local-repos-list-model.h"; path = "src/ui/local-repos-list-model.h"; sourceTree = SOURCE_ROOT; };
		E2B1DF0EE6B2686D4E5A3A92 /* settings-mgr.cpp */ = {isa = PBXFileReference; lastKnownFileType = sourcecode.cpp.cpp; name = "settings-mgr.cpp"; path = "src/settings-mgr.cpp"; sourceTree = SOURCE_ROOT; };
		EA84394838EF31A16866CDA4 /* moc_account-mgr.cpp */ = {isa = PBXFileReference; lastKnownFileType = sourcecode.cpp.cpp; path = "moc_account-mgr.cpp"; sourceTree = SOURCE_ROOT; };
		EF9CA70963A1D8F2D78C864E /* local-repo.cpp */ = {isa = PBXFileReference; lastKnownFileType = sourcecode.cpp.cpp; name = "local-repo.cpp"; path = "src/rpc/local-repo.cpp"; sourceTree = SOURCE_ROOT; };
		EFD4E252F37FB162B4786E4E /* sync-repo-dialog.cpp */ = {isa = PBXFileReference; lastKnownFileType = sourcecode.cpp.cpp; name = "sync-repo-dialog.cpp"; path = "src/ui/sync-repo-dialog.cpp"; sourceTree = SOURCE_ROOT; };
		F13F5D9C89B57E47382EBE5C /* server-repo.cpp */ = {isa = PBXFileReference; lastKnownFileType = sourcecode.cpp.cpp; name = "server-repo.cpp"; path = "src/api/server-repo.cpp"; sourceTree = SOURCE_ROOT; };
		F470B63EC5CBA7C51767CC7B /* moc_cloud-view.cpp */ = {isa = PBXFileReference; lastKnownFileType = sourcecode.cpp.cpp; path = "moc_cloud-view.cpp"; sourceTree = SOURCE_ROOT; };
		F92A5431EFFF323FB552481B /* message-listener.cpp */ = {isa = PBXFileReference; lastKnownFileType = sourcecode.cpp.cpp; name = "message-listener.cpp"; path = "src/message-listener.cpp"; sourceTree = SOURCE_ROOT; };
		FC1A2CDF42A4AA07DBE22EAC /* init-seafile-dialog.h */ = {isa = PBXFileReference; lastKnownFileType = sourcecode.c.h; name = "init-seafile-dialog.h"; path = "src/ui/init-seafile-dialog.h"; sourceTree = SOURCE_ROOT; };
		FE09A831EF666AAF1EDD1508 /* rpc-client.cpp */ = {isa = PBXFileReference; lastKnownFileType = sourcecode.cpp.cpp; name = "rpc-client.cpp"; path = "src/rpc/rpc-client.cpp"; sourceTree = SOURCE_ROOT; };
/* End PBXFileReference section */

/* Begin PBXFrameworksBuildPhase section */
		2A1043669E6E5A7426EA502A /* Frameworks & Libraries */ = {
			isa = PBXFrameworksBuildPhase;
			buildActionMask = 2147483647;
			files = (
				BC793246637FF51827EA4C5F /* QtGui.framework in Frameworks & Libraries */,
				14030FB267B619C665EA0C8B /* QtCore.framework in Frameworks & Libraries */,
				EA3294774AF0E3E1D0DDE86F /* QtNetwork.framework in Frameworks & Libraries */,
				57DC634D17DAF65600D4A0F9 /* libccnet.0.dylib in Frameworks & Libraries */,
				57DC634E17DAF65600D4A0F9 /* libcrypto.1.0.0.dylib in Frameworks & Libraries */,
				57DC634F17DAF65600D4A0F9 /* libevent-2.0.5.dylib in Frameworks & Libraries */,
				57DC635017DAF65600D4A0F9 /* libffi.6.dylib in Frameworks & Libraries */,
				57DC635117DAF65600D4A0F9 /* libgio-2.0.0.dylib in Frameworks & Libraries */,
				57DC635217DAF65600D4A0F9 /* libglib-2.0.0.dylib in Frameworks & Libraries */,
				57DC635317DAF65600D4A0F9 /* libgmodule-2.0.0.dylib in Frameworks & Libraries */,
				57DC635417DAF65600D4A0F9 /* libgobject-2.0.0.dylib in Frameworks & Libraries */,
				57DC635517DAF65600D4A0F9 /* libgthread-2.0.0.dylib in Frameworks & Libraries */,
				57DC635617DAF65600D4A0F9 /* libiconv.2.dylib in Frameworks & Libraries */,
				57DC635717DAF65600D4A0F9 /* libintl.8.dylib in Frameworks & Libraries */,
				57DC635817DAF65600D4A0F9 /* libjansson.4.dylib in Frameworks & Libraries */,
				57DC635917DAF65600D4A0F9 /* libseafile.0.dylib in Frameworks & Libraries */,
				57DC635A17DAF65600D4A0F9 /* libsearpc-json-glib.0.dylib in Frameworks & Libraries */,
				57DC635B17DAF65600D4A0F9 /* libsearpc.1.dylib in Frameworks & Libraries */,
				57DC635C17DAF65600D4A0F9 /* libsqlite3.0.dylib in Frameworks & Libraries */,
				57DC635D17DAF65600D4A0F9 /* libssl.1.0.0.dylib in Frameworks & Libraries */,
				57DC635F17DAF65600D4A0F9 /* libuuid.16.dylib in Frameworks & Libraries */,
				57DC636017DAF65600D4A0F9 /* libz.1.dylib in Frameworks & Libraries */,
			);
			name = "Frameworks & Libraries";
			runOnlyForDeploymentPostprocessing = 0;
		};
/* End PBXFrameworksBuildPhase section */

/* Begin PBXGroup section */
		01C7456C8A789783E56A7982 /* api */ = {
			isa = PBXGroup;
			children = (
				20CFBDFCCD359F1EAFDC2E71 /* api-client.cpp */,
				A192E8C583DE6D183AB830D2 /* api-request.cpp */,
				16CA8D5D0C54264C8EAF3B93 /* requests.cpp */,
				F13F5D9C89B57E47382EBE5C /* server-repo.cpp */,
			);
			name = api;
			sourceTree = "<Group>";
		};
		01CBC239DD0562090B8E8A35 /* ui */ = {
			isa = PBXGroup;
			children = (
				3BA5D0808DC3D9BCE92FD68B /* cloud-view.cpp */,
				BF147BF05154FE844FAD1F1D /* create-repo-dialog.cpp */,
				9684A8BB9EB766A55C45D5DB /* init-seafile-dialog.cpp */,
				D788B1925EBAC15322139BA7 /* local-repos-list-model.cpp */,
				4F752C39518973FD983B84CE /* local-repos-list-view.cpp */,
				643E941C3DB8F0F1A598773F /* local-view.cpp */,
				9C34B88D608340BC17E756FF /* login-dialog.cpp */,
				B3FDEE76BC973D1CC3DA3358 /* main-window.cpp */,
				C6C5BD7084ECF0827211B3C9 /* server-repos-list-model.cpp */,
				1339E5DD6FC3D74602E1BF63 /* server-repos-list-view.cpp */,
				440AF3906D5908F91F184FA0 /* settings-dialog.cpp */,
				ACF10015FBA0ED401333D8A3 /* switch-account-dialog.cpp */,
				EFD4E252F37FB162B4786E4E /* sync-repo-dialog.cpp */,
				789B4A548B5035A78465D6A6 /* tray-icon.cpp */,
			);
			name = ui;
			sourceTree = "<Group>";
		};
		05596AB53D8D521C69802C27 /* seafile-client */ = {
			isa = PBXGroup;
			children = (
				57DC636517DAF68900D4A0F9 /* seafile.png */,
				57DC636317DAF67800D4A0F9 /* qt.css */,
				57DC633617DAF65500D4A0F9 /* ccnet */,
				57DC634B17DAF65600D4A0F9 /* seaf-daemon */,
				FB61758D0F0FDA4BA867C3D5 /* Sources */,
				46E892BBB6BB6952967E0561 /* Temporary Sources */,
				883D7615C4D2DE3FA1218F12 /* Headers */,
				7CABE3C80E79AD2B307756D2 /* Sources [qmake] */,
				52C235EBF1C9B07808119459 /* Sources [RCC] */,
				EEC299C65D5017EB9DD513B0 /* Sources [UIC] */,
				ED1E82605DD74B483AF3C982 /* External Frameworks and Libraries */,
				57DC633517DAF5C600D4A0F9 /* Products */,
			);
			name = "seafile-client";
			sourceTree = "<Group>";
		};
		06674E1DE8D3EB6E763DFFDA /* src */ = {
			isa = PBXGroup;
			children = (
				18B0D764643988BE058040E2 /* account-mgr.cpp */,
				346B87E8EFBF490190401150 /* ccnet-init.cpp */,
				C100E772CE09DDB25359AC27 /* configurator.cpp */,
				6D7568236FD1FCE4E32EBB33 /* daemon-mgr.cpp */,
				7EC3C68A81EFFF79B6CA22AC /* main.cpp */,
				F92A5431EFFF323FB552481B /* message-listener.cpp */,
				C26ABBC3F170B4DE2AC4B2D1 /* seafile-applet.cpp */,
				E2B1DF0EE6B2686D4E5A3A92 /* settings-mgr.cpp */,
				01C7456C8A789783E56A7982 /* api */,
				76015F01DC380707622493D6 /* rpc */,
				01CBC239DD0562090B8E8A35 /* ui */,
				8CB9F1B325FD92FC339CFAA9 /* utils */,
			);
			name = src;
			sourceTree = "<Group>";
		};
		3491222E3390F279888EB520 /* ui */ = {
			isa = PBXGroup;
			children = (
				4399836E64E05D7765C6A5A9 /* cloud-view.h */,
				5E28979F053EDAE5DE867CFE /* create-repo-dialog.h */,
				FC1A2CDF42A4AA07DBE22EAC /* init-seafile-dialog.h */,
				DF26990B68B0D60371D7C449 /* local-repos-list-model.h */,
				1EFC136589B707F1B7BEE985 /* local-repos-list-view.h */,
				53941764B1EEA25839BC349F /* local-view.h */,
				21788D0ED4204F69017C96CA /* login-dialog.h */,
				6B66CD7D8DA25BF828E76EB7 /* main-window.h */,
				51928CFB08EB687EE5121F16 /* server-repos-list-model.h */,
				A3F8D2D2C55663EE859646A9 /* server-repos-list-view.h */,
				CFA8F669C17074F701A489AD /* settings-dialog.h */,
				5F220C6AA01CD794256B4A11 /* switch-account-dialog.h */,
				00ED22D6117C2D0DC63FDC63 /* sync-repo-dialog.h */,
				2C5F6771590709580737633B /* tray-icon.h */,
			);
			name = ui;
			sourceTree = "<Group>";
		};
		36DFF41D1150D952FFB7F1E8 /* third_party */ = {
			isa = PBXGroup;
			children = (
				E769F2CF4264006CC2950FF8 /* QtAwesome */,
			);
			name = third_party;
			sourceTree = "<Group>";
		};
		3ABAC0A6A3509B1277A16853 /* ui */ = {
			isa = PBXGroup;
			children = (
				7869B2FD9AF5528CF6D06AB3 /* account-item.ui */,
				B456E933A782E32C2623CF68 /* accounts-view.ui */,
				6D29EC2A9C34C93940AC0F4B /* create-repo.ui */,
				2807DD55E5CBAACC044518F4 /* init-seafile-dialog.ui */,
				6128E081F4D8D81EB5362D56 /* login-dialog.ui */,
				B55453466FEDDF7FBF3B2D55 /* repo-details-view.ui */,
				3C4B64C144EC4D5F8F3D3872 /* repo-item.ui */,
				99AE77051859CAF194797090 /* server-repo-item.ui */,
				D6E6C9C818C00F60A26D749C /* server-repos-view.ui */,
				519B717B64638A5D97B91CEE /* settings-dialog.ui */,
				459E27A1C067B39340AB905D /* switch-account-dialog.ui */,
				45DA9C04F96BC8CC24245E89 /* sync-repo.ui */,
			);
			name = ui;
			sourceTree = "<Group>";
		};
		46E892BBB6BB6952967E0561 /* Temporary Sources */ = {
			isa = PBXGroup;
			children = (
				EA84394838EF31A16866CDA4 /* moc_account-mgr.cpp */,
				98487E78B31D1772411D5944 /* moc_configurator.cpp */,
				32C995260AEC1C33B4569A73 /* moc_daemon-mgr.cpp */,
				A06417AF991E60656F987040 /* moc_message-listener.cpp */,
				8011B2FB509463524BD64F51 /* moc_seafile-applet.cpp */,
				29EDE260E387C4C75C839F8A /* moc_settings-mgr.cpp */,
				37513BEB8CFEAD22B2B18732 /* moc_api-client.cpp */,
				A3B61B1C4ACCA96A7CBDA057 /* moc_api-request.cpp */,
				2A017BBC2BA5AA2D026B7683 /* moc_requests.cpp */,
				0E9EA1BC0B3FD84124231C83 /* moc_rpc-client.cpp */,
				F470B63EC5CBA7C51767CC7B /* moc_cloud-view.cpp */,
				CB32C77F218E381AEF9FA744 /* moc_create-repo-dialog.cpp */,
				C68EF8DFA9D96DAABC14C50E /* moc_init-seafile-dialog.cpp */,
				BD0F2B9081A1E6C275EE897A /* moc_local-repos-list-model.cpp */,
				7F7B7BDDDCE2D72CFB446C28 /* moc_local-repos-list-view.cpp */,
				CA1A616254EF33577E97F4F9 /* moc_local-view.cpp */,
				7F27CCF31F0DB045F1949D74 /* moc_login-dialog.cpp */,
				C7852029F0E54F35B8646B60 /* moc_main-window.cpp */,
				B225E57BD9CDC0DAC9596FCA /* moc_server-repos-list-model.cpp */,
				71CE676FAE2658F5C06B6D81 /* moc_server-repos-list-view.cpp */,
				BE778565AEE56260BF2373B9 /* moc_settings-dialog.cpp */,
				DCC715B2F3FCD4C703A3B47E /* moc_switch-account-dialog.cpp */,
				5F52637B8CF874335DD54B9D /* moc_sync-repo-dialog.cpp */,
				73ED545928678F59A4713EE6 /* moc_tray-icon.cpp */,
				70B684FE328DB8330E444F0E /* moc_QtAwesome.cpp */,
				A3676819047509703634A7EE /* qrc_seafile-client.cpp */,
				6C1DDC659CAE244598656F60 /* qrc_QtAwesome.cpp */,
				092D19758C2879CC9909C696 /* ui_account-item.h */,
				9825E533BDA2DFB5E251114D /* ui_accounts-view.h */,
				778937C744C6D44D2924E2CE /* ui_create-repo.h */,
				0301254D61FCACAE66E9375E /* ui_init-seafile-dialog.h */,
				95A8CDBC67760A05AB781ADD /* ui_login-dialog.h */,
				10829188A50D1B81F3B4EB2D /* ui_repo-details-view.h */,
				18E30CD4524C5C4FE418FBF4 /* ui_repo-item.h */,
				C07EA540E3793EB3913436E1 /* ui_server-repo-item.h */,
				8AF1C58D91CC56CC2AA60C61 /* ui_server-repos-view.h */,
				5B16B451EBF993675B863D6B /* ui_settings-dialog.h */,
				D731B66572033DD30E675EE6 /* ui_switch-account-dialog.h */,
				74A27F17C450930B15596F83 /* ui_sync-repo.h */,
			);
			name = "Temporary Sources";
			sourceTree = "<Group>";
		};
		4FE8A794DFCA760FE725EA1E /* QtAwesome */ = {
			isa = PBXGroup;
			children = (
				B3A3F2B1E6DC9F82651CD7DF /* QtAwesome.h */,
			);
			name = QtAwesome;
			sourceTree = "<Group>";
		};
		52C235EBF1C9B07808119459 /* Sources [RCC] */ = {
			isa = PBXGroup;
			children = (
				65552B7332136F28536484E1 /* seafile-client.qrc */,
				36DFF41D1150D952FFB7F1E8 /* third_party */,
			);
			name = "Sources [RCC]";
			sourceTree = "<Group>";
		};
		57DC633517DAF5C600D4A0F9 /* Products */ = {
			isa = PBXGroup;
			children = (
				57DC633417DAF5C600D4A0F9 /* seafile-client.app */,
			);
			name = Products;
			sourceTree = "<group>";
		};
		6A24CC0C8366B77994229140 /* third_party */ = {
			isa = PBXGroup;
			children = (
				D2B5F6D2F794DC000E4B6FA3 /* QtAwesome */,
			);
			name = third_party;
			sourceTree = "<Group>";
		};
		76015F01DC380707622493D6 /* rpc */ = {
			isa = PBXGroup;
			children = (
				EF9CA70963A1D8F2D78C864E /* local-repo.cpp */,
				FE09A831EF666AAF1EDD1508 /* rpc-client.cpp */,
			);
			name = rpc;
			sourceTree = "<Group>";
		};
		7CABE3C80E79AD2B307756D2 /* Sources [qmake] */ = {
			isa = PBXGroup;
			children = (
				CB2708F2DA54AC5AD2AA8970 /* seafile-client.pro */,
			);
			name = "Sources [qmake]";
			sourceTree = "<Group>";
		};
		873833BFFB7F1A12E34CAA45 /* rpc */ = {
			isa = PBXGroup;
			children = (
				44329D9A7CD689013E57B062 /* local-repo.h */,
				3D276C865D1C7C56FAB62DA0 /* rpc-client.h */,
			);
			name = rpc;
			sourceTree = "<Group>";
		};
		883D7615C4D2DE3FA1218F12 /* Headers */ = {
			isa = PBXGroup;
			children = (
				50DE6434CCA9FD9348B7934F /* ui_account-view.h */,
				1D3324A94CEF55FB52551A09 /* ui_download-repo.h */,
				77EE0FE6D1D2F9C77A052DAD /* ui_get-account-repos-dialog.h */,
				A686D5AAB31F1D4A129CDC4F /* ui_list-account-repos-dialog.h */,
				97E7962B934201FC63A0D073 /* ui_repos-view.h */,
				F4AF6147B42623F6B3284738 /* src */,
				BB3394EA6AD996F9C855F77C /* third_party */,
			);
			name = Headers;
			sourceTree = "<Group>";
		};
		8CB9F1B325FD92FC339CFAA9 /* utils */ = {
			isa = PBXGroup;
			children = (
				3F1D7504F15BA7DFD07C5EC0 /* rsa.cpp */,
				9310CC94D6E16C7F90BCF6E0 /* utils.cpp */,
			);
			name = utils;
			sourceTree = "<Group>";
		};
		B6927CD75273806A0FFD1A53 /* utils */ = {
			isa = PBXGroup;
			children = (
				83A493F7D93E594F02B46EF0 /* rsa.h */,
				7B31C8EA53D79ED772B3103E /* utils.h */,
			);
			name = utils;
			sourceTree = "<Group>";
		};
		BB3394EA6AD996F9C855F77C /* third_party */ = {
			isa = PBXGroup;
			children = (
				4FE8A794DFCA760FE725EA1E /* QtAwesome */,
			);
			name = third_party;
			sourceTree = "<Group>";
		};
		D2B5F6D2F794DC000E4B6FA3 /* QtAwesome */ = {
			isa = PBXGroup;
			children = (
				54D314D3A9A1186286D5363D /* QtAwesome.cpp */,
			);
			name = QtAwesome;
			sourceTree = "<Group>";
		};
		E35D561FF590FF1A46EF4FAB /* api */ = {
			isa = PBXGroup;
			children = (
				77F8CC29EE301DA767A55069 /* api-client.h */,
				759030B75846623E6356A5E0 /* api-request.h */,
				4BF7AB123A9331D3971B3E46 /* requests.h */,
				A3D71F8073BAA3550B801EBF /* server-repo.h */,
			);
			name = api;
			sourceTree = "<Group>";
		};
		E769F2CF4264006CC2950FF8 /* QtAwesome */ = {
			isa = PBXGroup;
			children = (
				938C80C72DAA1E6F6121F35A /* QtAwesome.qrc */,
			);
			name = QtAwesome;
			sourceTree = "<Group>";
		};
		ED1E82605DD74B483AF3C982 /* External Frameworks and Libraries */ = {
			isa = PBXGroup;
			children = (
				57DC633717DAF65500D4A0F9 /* libccnet.0.dylib */,
				57DC633817DAF65500D4A0F9 /* libcrypto.1.0.0.dylib */,
				57DC633917DAF65500D4A0F9 /* libevent-2.0.5.dylib */,
				57DC633A17DAF65500D4A0F9 /* libffi.6.dylib */,
				57DC633B17DAF65500D4A0F9 /* libgio-2.0.0.dylib */,
				57DC633C17DAF65500D4A0F9 /* libglib-2.0.0.dylib */,
				57DC633D17DAF65500D4A0F9 /* libgmodule-2.0.0.dylib */,
				57DC633E17DAF65500D4A0F9 /* libgobject-2.0.0.dylib */,
				57DC633F17DAF65500D4A0F9 /* libgthread-2.0.0.dylib */,
				57DC634017DAF65500D4A0F9 /* libiconv.2.dylib */,
				57DC634117DAF65600D4A0F9 /* libintl.8.dylib */,
				57DC634217DAF65600D4A0F9 /* libjansson.4.dylib */,
				57DC634317DAF65600D4A0F9 /* libseafile.0.dylib */,
				57DC634417DAF65600D4A0F9 /* libsearpc-json-glib.0.dylib */,
				57DC634517DAF65600D4A0F9 /* libsearpc.1.dylib */,
				57DC634617DAF65600D4A0F9 /* libsqlite3.0.dylib */,
				57DC634717DAF65600D4A0F9 /* libssl.1.0.0.dylib */,
				57DC634917DAF65600D4A0F9 /* libuuid.16.dylib */,
				57DC634A17DAF65600D4A0F9 /* libz.1.dylib */,
				6657E5C12ADFA1502DD63F0C /* QtGui.framework */,
				98147451093A70FCFFA99C13 /* QtCore.framework */,
				9C4523C4E75F30382E00ABC7 /* QtNetwork.framework */,
			);
			name = "External Frameworks and Libraries";
			sourceTree = "<Group>";
		};
		EEC299C65D5017EB9DD513B0 /* Sources [UIC] */ = {
			isa = PBXGroup;
			children = (
				3ABAC0A6A3509B1277A16853 /* ui */,
			);
			name = "Sources [UIC]";
			sourceTree = "<Group>";
		};
		F4AF6147B42623F6B3284738 /* src */ = {
			isa = PBXGroup;
			children = (
				A11A1C9C88543BBB7910571E /* account-mgr.h */,
				91C9EA9410D82AE0D7AD6585 /* account.h */,
				23DE555D686E19D757B7DFD9 /* ccnet-init.h */,
				2B3839E4C84F9C05130F0DB4 /* configurator.h */,
				C084286CBD466D2CFAA63930 /* daemon-mgr.h */,
				1A5724EF9BC543700FEE4D1A /* message-listener.h */,
				D6C9588F9A0F7922311F7DB5 /* seafile-applet.h */,
				543159A1A22AEE2BE39F2113 /* settings-mgr.h */,
				E35D561FF590FF1A46EF4FAB /* api */,
				873833BFFB7F1A12E34CAA45 /* rpc */,
				3491222E3390F279888EB520 /* ui */,
				B6927CD75273806A0FFD1A53 /* utils */,
			);
			name = src;
			sourceTree = "<Group>";
		};
		FB61758D0F0FDA4BA867C3D5 /* Sources */ = {
			isa = PBXGroup;
			children = (
				06674E1DE8D3EB6E763DFFDA /* src */,
				6A24CC0C8366B77994229140 /* third_party */,
			);
			name = Sources;
			sourceTree = "<Group>";
		};
/* End PBXGroup section */

/* Begin PBXNativeTarget section */
		C64ED5B378C0E96AC3291F0E /* seafile-client */ = {
			isa = PBXNativeTarget;
			buildConfigurationList = 17B3380A4D6A7D415E7F2E1E /* Build configuration list for PBXNativeTarget "seafile-client" */;
			buildPhases = (
				D7BA7D76DAB5DD13389D6332 /* Qt Qmake */,
				A0A52A2ADF7A1E2A99738674 /* Qt Preprocessors */,
				C29B8785722055ED95EF7B57 /* Build Sources */,
				2A1043669E6E5A7426EA502A /* Frameworks & Libraries */,
				3787F99312C85FF0073FD7BA /* Bundle Resources */,
				57DC636717DAFA2900D4A0F9 /* CopyFiles */,
			);
			buildRules = (
			);
			dependencies = (
			);
			name = "seafile-client";
			productName = "seafile-client";
			productReference = 57DC633417DAF5C600D4A0F9 /* seafile-client.app */;
			productType = "com.apple.product-type.application";
		};
/* End PBXNativeTarget section */

/* Begin PBXProject section */
		91B15E841AA80083484172DE /* Project object */ = {
			isa = PBXProject;
			attributes = {
				LastUpgradeCheck = 0460;
			};
			buildConfigurationList = CC82A9286117DFED018F418F /* Build configuration list for PBXProject "seafile-client" */;
			compatibilityVersion = "Xcode 3.2";
			developmentRegion = English;
			hasScannedForEncodings = 1;
			knownRegions = (
				en,
			);
			mainGroup = 05596AB53D8D521C69802C27 /* seafile-client */;
			productRefGroup = 57DC633517DAF5C600D4A0F9 /* Products */;
			projectDirPath = "";
			projectRoot = "";
			targets = (
				C64ED5B378C0E96AC3291F0E /* seafile-client */,
			);
		};
/* End PBXProject section */

/* Begin PBXResourcesBuildPhase section */
		3787F99312C85FF0073FD7BA /* Bundle Resources */ = {
			isa = PBXResourcesBuildPhase;
			buildActionMask = 2147483647;
			files = (
				57DC634C17DAF65600D4A0F9 /* ccnet in Bundle Resources */,
				57DC636117DAF65600D4A0F9 /* seaf-daemon in Bundle Resources */,
				57DC636417DAF67800D4A0F9 /* qt.css in Bundle Resources */,
				57DC636617DAF68900D4A0F9 /* seafile.png in Bundle Resources */,
			);
			name = "Bundle Resources";
			runOnlyForDeploymentPostprocessing = 0;
		};
/* End PBXResourcesBuildPhase section */

/* Begin PBXShellScriptBuildPhase section */
		A0A52A2ADF7A1E2A99738674 /* Qt Preprocessors */ = {
			isa = PBXShellScriptBuildPhase;
			buildActionMask = 2147483647;
			files = (
			);
			name = "Qt Preprocessors";
			runOnlyForDeploymentPostprocessing = 0;
			shellPath = /bin/sh;
			shellScript = "make -C /Users/poet/dev/gonggeng/seafile-client -f 'seafile-client.xcodeproj/qt_preprocess.mak'";
		};
		D7BA7D76DAB5DD13389D6332 /* Qt Qmake */ = {
			isa = PBXShellScriptBuildPhase;
			buildActionMask = 2147483647;
			files = (
			);
			name = "Qt Qmake";
			runOnlyForDeploymentPostprocessing = 0;
			shellPath = /bin/sh;
			shellScript = "make -C /Users/poet/dev/gonggeng/seafile-client -f 'seafile-client.xcodeproj/qt_makeqmake.mak'";
		};
/* End PBXShellScriptBuildPhase section */

/* Begin PBXSourcesBuildPhase section */
		C29B8785722055ED95EF7B57 /* Build Sources */ = {
			isa = PBXSourcesBuildPhase;
			buildActionMask = 2147483647;
			files = (
				0D34C6A6DA32AF8FF166A35F /* account-mgr.cpp in Build Sources */,
				E9FAC91D1652F60612C61CDD /* ccnet-init.cpp in Build Sources */,
				A86B493BC1FBB5D6840D6CAC /* configurator.cpp in Build Sources */,
				5731E6EDF88E02D89A2F81A8 /* daemon-mgr.cpp in Build Sources */,
				FD1638E377D97C82BDB438FB /* main.cpp in Build Sources */,
				B7AD14512392CBCDEA55F01A /* message-listener.cpp in Build Sources */,
				3583143BAFD7EB9F3966A8E2 /* seafile-applet.cpp in Build Sources */,
				97456CF2F3322305C26BC85B /* settings-mgr.cpp in Build Sources */,
				563E49A9ED7653686782365D /* api-client.cpp in Build Sources */,
				6CAC7794CED789DA4E6BA990 /* api-request.cpp in Build Sources */,
				C8576F9C3F247212EE7A295C /* requests.cpp in Build Sources */,
				43381E3325A472332BF94AED /* server-repo.cpp in Build Sources */,
				294FF64C5A7EF456034D7EB5 /* local-repo.cpp in Build Sources */,
				C0F33F9C614CFAE1EC6C9BBA /* rpc-client.cpp in Build Sources */,
				9E947B948576D9076289BAD1 /* cloud-view.cpp in Build Sources */,
				999C078F4F6B769771DC74E5 /* create-repo-dialog.cpp in Build Sources */,
				DEB8F62E9272F0DD3771BFCB /* init-seafile-dialog.cpp in Build Sources */,
				F5D8F6CC9E28B34E5FA030FC /* local-repos-list-model.cpp in Build Sources */,
				4390FDD3424438B260B7DF4A /* local-repos-list-view.cpp in Build Sources */,
				2B604A18BAD8B55E21505D45 /* local-view.cpp in Build Sources */,
				438F6734342CED5F13D276B4 /* login-dialog.cpp in Build Sources */,
				E376494F08CBE844412D28EE /* main-window.cpp in Build Sources */,
				BF72837392C28AA33400973F /* server-repos-list-model.cpp in Build Sources */,
				89D2820197697823C289DD20 /* server-repos-list-view.cpp in Build Sources */,
				6B0265641273EA0768CB1FD6 /* settings-dialog.cpp in Build Sources */,
				ABE8B51C6034CB89BC26D4AA /* switch-account-dialog.cpp in Build Sources */,
				48FE2AB07189AF639EF53145 /* sync-repo-dialog.cpp in Build Sources */,
				24A3AA563D808BB21304B023 /* tray-icon.cpp in Build Sources */,
				D0223A80B80110D08C2A1531 /* rsa.cpp in Build Sources */,
				E5580F3F77385B04D30B3A8B /* utils.cpp in Build Sources */,
				56F2D1B45EAD3ECA73BF6C62 /* QtAwesome.cpp in Build Sources */,
				27997457CBD2D5F6D4407888 /* moc_account-mgr.cpp in Build Sources */,
				1059B53DBF47F2A43E1CD188 /* moc_configurator.cpp in Build Sources */,
				B4FDD503501BE4EE70AC1BA5 /* moc_daemon-mgr.cpp in Build Sources */,
				05F5FAF040FB4828EECAF75F /* moc_message-listener.cpp in Build Sources */,
				9C198BD10CF2ECF3E3A0DE02 /* moc_seafile-applet.cpp in Build Sources */,
				0CEA8B673DCE96B027308553 /* moc_settings-mgr.cpp in Build Sources */,
				A04A39A52BD17F7BDD59DBAB /* moc_api-client.cpp in Build Sources */,
				5BD96A3E2D3D528B0ACC7B7B /* moc_api-request.cpp in Build Sources */,
				DFBF9C2F7E536AD799882D60 /* moc_requests.cpp in Build Sources */,
				0EA66D86021F1DE4EA78E764 /* moc_rpc-client.cpp in Build Sources */,
				BC81EEEF4632484E3D1758F3 /* moc_cloud-view.cpp in Build Sources */,
				3C01366494FE468991E55379 /* moc_create-repo-dialog.cpp in Build Sources */,
				D1F4FB837F493D264C151D68 /* moc_init-seafile-dialog.cpp in Build Sources */,
				440BE9A365132E34EBC5843A /* moc_local-repos-list-model.cpp in Build Sources */,
				F8D7CFDFD4AF9D0CA42B87D0 /* moc_local-repos-list-view.cpp in Build Sources */,
				D356C004F1A6617155E0F019 /* moc_local-view.cpp in Build Sources */,
				D333B15C4E876397BF7C0DA3 /* moc_login-dialog.cpp in Build Sources */,
				61D68B5E5EA0C1B55DDDE037 /* moc_main-window.cpp in Build Sources */,
				AD0A451F373B7F6896B7EA96 /* moc_server-repos-list-model.cpp in Build Sources */,
				9E3A668BC32B063EEBCD5D6D /* moc_server-repos-list-view.cpp in Build Sources */,
				279D6D9391DF209D4B9C84C5 /* moc_settings-dialog.cpp in Build Sources */,
				99F3ACF804FF114825E9FC71 /* moc_switch-account-dialog.cpp in Build Sources */,
				F53F8839B96716A01F949811 /* moc_sync-repo-dialog.cpp in Build Sources */,
				8F1FC88F72EA2D4C0DD05ACE /* moc_tray-icon.cpp in Build Sources */,
				63F5E009385E004587395935 /* moc_QtAwesome.cpp in Build Sources */,
				76DF22EBC9C30BB011454D1E /* qrc_seafile-client.cpp in Build Sources */,
				13B2247D2B02BE88A40C295F /* qrc_QtAwesome.cpp in Build Sources */,
			);
			name = "Build Sources";
			runOnlyForDeploymentPostprocessing = 0;
		};
/* End PBXSourcesBuildPhase section */

/* Begin XCBuildConfiguration section */
		4B72B24813252891014BCF61 /* Debug */ = {
			isa = XCBuildConfiguration;
			buildSettings = {
				ARCHS = x86_64;
				COPY_PHASE_STRIP = NO;
				FRAMEWORK_SEARCH_PATHS = (
					/opt/local/Library/Frameworks,
					/opt/local/lib,
					/opt/local/Library/Frameworks,
					/opt/local/lib,
					/opt/local/Library/Frameworks,
					/opt/local/lib,
				);
				GCC_GENERATE_DEBUGGING_SYMBOLS = YES;
				GCC_OPTIMIZATION_LEVEL = 0;
				HEADER_SEARCH_PATHS = (
					.,
					/opt/local/Library/Frameworks/QtCore.framework/Versions/4/Headers,
					/opt/local/Library/Frameworks/QtNetwork.framework/Versions/4/Headers,
					/opt/local/Library/Frameworks/QtGui.framework/Versions/4/Headers,
					.,
					src,
					src/utils,
					src/ui,
					third_party/QtAwesome,
					src/rpc,
					src/api,
					/opt/local/Library/Frameworks/QtGui.framework/Versions/4/Headers,
					/opt/local/Library/Frameworks/QtNetwork.framework/Versions/4/Headers,
					/opt/local/Library/Frameworks/QtCore.framework/Versions/4/Headers,
					/opt/local/include,
					.,
					/usr/local/include,
					/System/Library/Frameworks/CarbonCore.framework/Headers,
					"/opt/local/share/qt4/mkspecs/macx-xcode",
				);
				INFOPLIST_FILE = Info.plist;
				LIBRARY_SEARCH_PATHS = (
					/opt/local/lib,
					/opt/local/Library/Frameworks,
				);
				OTHER_CFLAGS = (
					"-pipe",
					"-O2",
					"-Wall",
					"-W",
					"-DQT_NO_DEBUG",
					"-DQT_GUI_LIB",
					"-DQT_NETWORK_LIB",
					"-DQT_CORE_LIB",
					"-DQT_SHARED",
				);
				OTHER_CPLUSPLUSFLAGS = (
					"-pipe",
					"-O2",
					"-Wall",
					"-W",
					"-DQT_NO_DEBUG",
					"-DQT_GUI_LIB",
					"-DQT_NETWORK_LIB",
					"-DQT_CORE_LIB",
					"-DQT_SHARED",
				);
				OTHER_LDFLAGS = (
					"-headerpad_max_install_names",
					"-F/opt/local/Library/Frameworks",
					"-F/opt/local/lib",
					"-F/opt/local/Library/Frameworks",
					"-F/opt/local/lib",
					"-L/opt/local/lib",
				);
				PRODUCT_NAME = "seafile-client";
			};
			name = Debug;
		};
		8C7174830A1E4DCBA0332EC1 /* Release */ = {
			isa = XCBuildConfiguration;
			buildSettings = {
				COMBINE_HIDPI_IMAGES = YES;
				COPY_PHASE_STRIP = YES;
				FRAMEWORK_SEARCH_PATHS = (
					/opt/local/Library/Frameworks,
					/opt/local/lib,
				);
				GCC_GENERATE_DEBUGGING_SYMBOLS = NO;
				GCC_PREPROCESSOR_DEFINITIONS = XCODE_APP;
				HEADER_SEARCH_PATHS = (
					.,
					/opt/local/Library/Frameworks/QtCore.framework/Versions/4/Headers,
					/opt/local/Library/Frameworks/QtNetwork.framework/Versions/4/Headers,
					/opt/local/Library/Frameworks/QtGui.framework/Versions/4/Headers,
					.,
					src,
					src/utils,
					src/ui,
					third_party/QtAwesome,
					src/rpc,
					src/api,
					/opt/local/Library/Frameworks/QtGui.framework/Versions/4/Headers,
					/opt/local/Library/Frameworks/QtNetwork.framework/Versions/4/Headers,
					/opt/local/Library/Frameworks/QtCore.framework/Versions/4/Headers,
					/opt/local/include,
					.,
					/usr/local/include,
					/System/Library/Frameworks/CarbonCore.framework/Headers,
					"/opt/local/share/qt4/mkspecs/macx-xcode",
					"/opt/local/lib/glib-2.0/include",
					"/opt/local/include/glib-2.0",
					/usr/local/include/searpc,
				);
				LIBRARY_SEARCH_PATHS = "$(LIBRARY_SEARCH_PATHS_QUOTED_FOR_TARGET_1)";
				LIBRARY_SEARCH_PATHS_QUOTED_FOR_TARGET_1 = "\"$(SRCROOT)/libs\"";
				MACOSX_DEPLOYMENT_TARGET = 10.6;
				PRODUCT_NAME = "seafile-client";
			};
			name = Release;
		};
		BEC09A62E69C3553534FF35E /* Debug */ = {
			isa = XCBuildConfiguration;
			buildSettings = {
				COMBINE_HIDPI_IMAGES = YES;
				COPY_PHASE_STRIP = NO;
				FRAMEWORK_SEARCH_PATHS = (
					/opt/local/Library/Frameworks,
					/opt/local/lib,
				);
				GCC_GENERATE_DEBUGGING_SYMBOLS = YES;
				GCC_OPTIMIZATION_LEVEL = 0;
				GCC_PREPROCESSOR_DEFINITIONS = XCODE_APP;
				HEADER_SEARCH_PATHS = (
					.,
					/opt/local/Library/Frameworks/QtCore.framework/Versions/4/Headers,
					/opt/local/Library/Frameworks/QtNetwork.framework/Versions/4/Headers,
					/opt/local/Library/Frameworks/QtGui.framework/Versions/4/Headers,
					.,
					src,
					src/utils,
					src/ui,
					third_party/QtAwesome,
					src/rpc,
					src/api,
					/opt/local/Library/Frameworks/QtGui.framework/Versions/4/Headers,
					/opt/local/Library/Frameworks/QtNetwork.framework/Versions/4/Headers,
					/opt/local/Library/Frameworks/QtCore.framework/Versions/4/Headers,
					/opt/local/include,
					.,
					/usr/local/include,
					/System/Library/Frameworks/CarbonCore.framework/Headers,
					"/opt/local/share/qt4/mkspecs/macx-xcode",
					"/opt/local/lib/glib-2.0/include",
					"/opt/local/include/glib-2.0",
					/usr/local/include/searpc,
				);
				LIBRARY_SEARCH_PATHS = "$(LIBRARY_SEARCH_PATHS_QUOTED_FOR_TARGET_1)";
				LIBRARY_SEARCH_PATHS_QUOTED_FOR_TARGET_1 = "\"$(SRCROOT)/libs\"";
				MACOSX_DEPLOYMENT_TARGET = 10.6;
				PRODUCT_NAME = "seafile-client";
			};
			name = Debug;
		};
		D70590BEB531B51029F711BB /* Release */ = {
			isa = XCBuildConfiguration;
			buildSettings = {
				ARCHS = x86_64;
				COPY_PHASE_STRIP = YES;
				FRAMEWORK_SEARCH_PATHS = (
					/opt/local/Library/Frameworks,
					/opt/local/lib,
					/opt/local/Library/Frameworks,
					/opt/local/lib,
					/opt/local/Library/Frameworks,
					/opt/local/lib,
				);
				GCC_GENERATE_DEBUGGING_SYMBOLS = NO;
				HEADER_SEARCH_PATHS = (
					.,
					/opt/local/Library/Frameworks/QtCore.framework/Versions/4/Headers,
					/opt/local/Library/Frameworks/QtNetwork.framework/Versions/4/Headers,
					/opt/local/Library/Frameworks/QtGui.framework/Versions/4/Headers,
					.,
					src,
					src/utils,
					src/ui,
					third_party/QtAwesome,
					src/rpc,
					src/api,
					/opt/local/Library/Frameworks/QtGui.framework/Versions/4/Headers,
					/opt/local/Library/Frameworks/QtNetwork.framework/Versions/4/Headers,
					/opt/local/Library/Frameworks/QtCore.framework/Versions/4/Headers,
					/opt/local/include,
					.,
					/usr/local/include,
					/System/Library/Frameworks/CarbonCore.framework/Headers,
					"/opt/local/share/qt4/mkspecs/macx-xcode",
				);
				INFOPLIST_FILE = Info.plist;
				LIBRARY_SEARCH_PATHS = (
					/opt/local/lib,
					/opt/local/Library/Frameworks,
				);
				OTHER_CFLAGS = (
					"-pipe",
					"-O2",
					"-Wall",
					"-W",
					"-DQT_NO_DEBUG",
					"-DQT_GUI_LIB",
					"-DQT_NETWORK_LIB",
					"-DQT_CORE_LIB",
					"-DQT_SHARED",
				);
				OTHER_CPLUSPLUSFLAGS = (
					"-pipe",
					"-O2",
					"-Wall",
					"-W",
					"-DQT_NO_DEBUG",
					"-DQT_GUI_LIB",
					"-DQT_NETWORK_LIB",
					"-DQT_CORE_LIB",
					"-DQT_SHARED",
				);
				OTHER_LDFLAGS = (
					"-headerpad_max_install_names",
					"-F/opt/local/Library/Frameworks",
					"-F/opt/local/lib",
					"-F/opt/local/Library/Frameworks",
					"-F/opt/local/lib",
					"-L/opt/local/lib",
				);
				PRODUCT_NAME = "seafile-client";
			};
			name = Release;
		};
/* End XCBuildConfiguration section */

/* Begin XCConfigurationList section */
		17B3380A4D6A7D415E7F2E1E /* Build configuration list for PBXNativeTarget "seafile-client" */ = {
			isa = XCConfigurationList;
			buildConfigurations = (
				BEC09A62E69C3553534FF35E /* Debug */,
				8C7174830A1E4DCBA0332EC1 /* Release */,
			);
			defaultConfigurationIsVisible = 0;
			defaultConfigurationName = Release;
		};
		CC82A9286117DFED018F418F /* Build configuration list for PBXProject "seafile-client" */ = {
			isa = XCConfigurationList;
			buildConfigurations = (
				4B72B24813252891014BCF61 /* Debug */,
				D70590BEB531B51029F711BB /* Release */,
			);
			defaultConfigurationIsVisible = 0;
			defaultConfigurationName = Release;
		};
/* End XCConfigurationList section */
	};
	rootObject = 91B15E841AA80083484172DE /* Project object */;
}
